{
  "version": 4,
  "terraform_version": "1.3.0",
  "serial": 220,
  "lineage": "f1caa79f-622c-f7fd-fd98-411cc51d4dfa",
  "outputs": {
    "instance_id": {
      "value": "i-0c120324a360a2de1",
      "type": "string"
    },
    "instance_name": {
      "value": "workshop_key_pair_ec2",
      "type": "string"
    },
    "instance_private_ip": {
      "value": "10.1.20.188",
      "type": "string"
    },
    "instance_public_ip": {
      "value": "3.133.139.221",
      "type": "string"
    },
    "rds_endpoint": {
      "value": "terraform-20220928143553183900000001.cswn6naz8dnp.us-east-2.rds.amazonaws.com:3306",
      "type": "string"
    }
  },
  "resources": [
    {
      "mode": "data",
      "type": "aws_availability_zones",
      "name": "available",
      "provider": "provider[\"registry.terraform.io/hashicorp/aws\"]",
      "instances": [
        {
          "schema_version": 0,
          "attributes": {
            "all_availability_zones": null,
            "exclude_names": null,
            "exclude_zone_ids": null,
            "filter": null,
            "group_names": [
              "us-east-2"
            ],
            "id": "us-east-2",
            "names": [
              "us-east-2a",
              "us-east-2b",
              "us-east-2c"
            ],
            "state": null,
            "timeouts": null,
            "zone_ids": [
              "use2-az1",
              "use2-az2",
              "use2-az3"
            ]
          },
          "sensitive_attributes": []
        }
      ]
    },
    {
      "mode": "data",
      "type": "aws_internet_gateway",
      "name": "IGW",
      "provider": "provider[\"registry.terraform.io/hashicorp/aws\"]",
      "instances": [
        {
          "schema_version": 0,
          "attributes": {
            "arn": "arn:aws:ec2:us-east-2:840021737375:internet-gateway/igw-002a2d9348b8bcb45",
            "attachments": [
              {
                "state": "available",
                "vpc_id": "vpc-054fae29f953c7336"
              }
            ],
            "filter": null,
            "id": "igw-002a2d9348b8bcb45",
            "internet_gateway_id": "igw-002a2d9348b8bcb45",
            "owner_id": "840021737375",
            "tags": {
              "Name": "joseph_rojas_IGW"
            },
            "timeouts": null
          },
          "sensitive_attributes": []
        }
      ]
    },
    {
      "mode": "data",
      "type": "aws_vpc",
      "name": "joseph_rojas_vpc",
      "provider": "provider[\"registry.terraform.io/hashicorp/aws\"]",
      "instances": [
        {
          "schema_version": 0,
          "attributes": {
            "arn": "arn:aws:ec2:us-east-2:840021737375:vpc/vpc-054fae29f953c7336",
            "cidr_block": "10.1.0.0/16",
            "cidr_block_associations": [
              {
                "association_id": "vpc-cidr-assoc-0cff17d7a5f4833db",
                "cidr_block": "10.1.0.0/16",
                "state": "associated"
              }
            ],
            "default": false,
            "dhcp_options_id": "dopt-0fca957340b438b6a",
            "enable_dns_hostnames": false,
            "enable_dns_support": true,
            "filter": null,
            "id": "vpc-054fae29f953c7336",
            "instance_tenancy": "default",
            "ipv6_association_id": "",
            "ipv6_cidr_block": "",
            "main_route_table_id": "rtb-03c10c0a47822602d",
            "owner_id": "840021737375",
            "state": null,
            "tags": {
              "Name": "joseph_rojas_vpc_lab"
            },
            "timeouts": null
          },
          "sensitive_attributes": []
        }
      ]
    },
    {
      "mode": "managed",
      "type": "aws_db_instance",
      "name": "rds_joseph",
      "provider": "provider[\"registry.terraform.io/hashicorp/aws\"]",
      "instances": [
        {
          "schema_version": 1,
          "attributes": {
            "address": "terraform-20220928143553183900000001.cswn6naz8dnp.us-east-2.rds.amazonaws.com",
            "allocated_storage": 20,
            "allow_major_version_upgrade": null,
            "apply_immediately": true,
            "arn": "arn:aws:rds:us-east-2:840021737375:db:terraform-20220928143553183900000001",
            "auto_minor_version_upgrade": true,
            "availability_zone": "us-east-2c",
            "backup_retention_period": 1,
            "backup_window": "03:00-06:00",
            "ca_cert_identifier": "rds-ca-2019",
            "character_set_name": "",
            "copy_tags_to_snapshot": false,
            "custom_iam_instance_profile": "",
            "customer_owned_ip_enabled": false,
            "db_name": "master",
            "db_subnet_group_name": "test-rds",
            "delete_automated_backups": true,
            "deletion_protection": false,
            "domain": "",
            "domain_iam_role_name": "",
            "enabled_cloudwatch_logs_exports": [],
            "endpoint": "terraform-20220928143553183900000001.cswn6naz8dnp.us-east-2.rds.amazonaws.com:3306",
            "engine": "mysql",
            "engine_version": "8.0.28",
            "engine_version_actual": "8.0.28",
            "final_snapshot_identifier": null,
            "hosted_zone_id": "Z2XHWR1WZ565X2",
            "iam_database_authentication_enabled": false,
            "id": "terraform-20220928143553183900000001",
            "identifier": "terraform-20220928143553183900000001",
            "identifier_prefix": "terraform-",
            "instance_class": "db.t3.micro",
            "iops": 0,
            "kms_key_id": "arn:aws:kms:us-east-2:840021737375:key/e1459624-9478-436c-a023-f00bb9fb35e9",
            "latest_restorable_time": "2022-09-28T15:20:00Z",
            "license_model": "general-public-license",
            "maintenance_window": "mon:00:00-mon:03:00",
            "max_allocated_storage": 0,
            "monitoring_interval": 0,
            "monitoring_role_arn": "",
            "multi_az": false,
            "name": "master",
            "nchar_character_set_name": "",
            "network_type": "IPV4",
            "option_group_name": "default:mysql-8-0",
            "parameter_group_name": "default.mysql8.0",
            "password": "lab-rds-master",
            "performance_insights_enabled": false,
            "performance_insights_kms_key_id": "",
            "performance_insights_retention_period": 0,
            "port": 3306,
            "publicly_accessible": false,
            "replica_mode": "",
            "replicas": [
              "terraform-20220928151319850800000001"
            ],
            "replicate_source_db": "",
            "resource_id": "db-3FCATVVJFVN727KIMBTK7UOBCA",
            "restore_to_point_in_time": [],
            "s3_import": [],
            "security_group_names": [],
            "skip_final_snapshot": true,
            "snapshot_identifier": null,
            "status": "available",
            "storage_encrypted": true,
            "storage_type": "gp2",
            "tags": {
              "Name": "BD workshop"
            },
            "tags_all": {
              "Name": "BD workshop"
            },
            "timeouts": null,
            "timezone": "",
            "username": "main",
            "vpc_security_group_ids": [
              "sg-0f943ba643e2470f6"
            ]
          },
          "sensitive_attributes": [
            [
              {
                "type": "get_attr",
                "value": "username"
              }
            ],
            [
              {
                "type": "get_attr",
                "value": "password"
              }
            ]
          ],
          "private": "eyJlMmJmYjczMC1lY2FhLTExZTYtOGY4OC0zNDM2M2JjN2M0YzAiOnsiY3JlYXRlIjoyNDAwMDAwMDAwMDAwLCJkZWxldGUiOjM2MDAwMDAwMDAwMDAsInVwZGF0ZSI6NDgwMDAwMDAwMDAwMH0sInNjaGVtYV92ZXJzaW9uIjoiMSJ9",
          "dependencies": [
            "aws_db_subnet_group.subnet_group_joseph",
            "aws_kms_key.bd_key",
            "aws_secretsmanager_secret.secret_master_bd",
            "aws_secretsmanager_secret_version.access",
            "aws_security_group.joseph_rojas_private_security_group",
            "aws_security_group.joseph_rojas_public_security_group",
            "aws_security_group.joseph_rojas_rds_security_group",
            "aws_subnet.privatesubnet_db_1",
            "aws_subnet.privatesubnet_db_2",
            "data.aws_availability_zones.available",
            "data.aws_vpc.joseph_rojas_vpc"
          ]
        }
      ]
    },
    {
      "mode": "managed",
      "type": "aws_db_instance",
      "name": "rds_read_replica",
      "provider": "provider[\"registry.terraform.io/hashicorp/aws\"]",
      "instances": [
        {
          "schema_version": 1,
          "attributes": {
            "address": "terraform-20220928151319850800000001.cswn6naz8dnp.us-east-2.rds.amazonaws.com",
            "allocated_storage": 20,
            "allow_major_version_upgrade": null,
            "apply_immediately": true,
            "arn": "arn:aws:rds:us-east-2:840021737375:db:terraform-20220928151319850800000001",
            "auto_minor_version_upgrade": true,
            "availability_zone": "us-east-2b",
            "backup_retention_period": 0,
            "backup_window": "03:00-06:00",
            "ca_cert_identifier": "rds-ca-2019",
            "character_set_name": "",
            "copy_tags_to_snapshot": false,
            "custom_iam_instance_profile": "",
            "customer_owned_ip_enabled": false,
            "db_name": "master",
            "db_subnet_group_name": "test-rds",
            "delete_automated_backups": true,
            "deletion_protection": false,
            "domain": "",
            "domain_iam_role_name": "",
            "enabled_cloudwatch_logs_exports": [],
            "endpoint": "terraform-20220928151319850800000001.cswn6naz8dnp.us-east-2.rds.amazonaws.com:3306",
            "engine": "mysql",
            "engine_version": "8.0.28",
            "engine_version_actual": "8.0.28",
            "final_snapshot_identifier": null,
            "hosted_zone_id": "Z2XHWR1WZ565X2",
            "iam_database_authentication_enabled": false,
            "id": "terraform-20220928151319850800000001",
            "identifier": "terraform-20220928151319850800000001",
            "identifier_prefix": "terraform-",
            "instance_class": "db.t3.micro",
            "iops": 0,
            "kms_key_id": "arn:aws:kms:us-east-2:840021737375:key/e1459624-9478-436c-a023-f00bb9fb35e9",
            "latest_restorable_time": "",
            "license_model": "general-public-license",
            "maintenance_window": "mon:00:00-mon:03:00",
            "max_allocated_storage": 0,
            "monitoring_interval": 0,
            "monitoring_role_arn": "",
            "multi_az": false,
            "name": "master",
            "nchar_character_set_name": "",
            "network_type": "IPV4",
            "option_group_name": "default:mysql-8-0",
            "parameter_group_name": "default.mysql8.0",
            "password": null,
            "performance_insights_enabled": false,
            "performance_insights_kms_key_id": "",
            "performance_insights_retention_period": 0,
            "port": 3306,
            "publicly_accessible": false,
            "replica_mode": "",
            "replicas": [],
            "replicate_source_db": "terraform-20220928143553183900000001",
            "resource_id": "db-RWPR4ADDQQPR36UCBZT43FPBNU",
            "restore_to_point_in_time": [],
            "s3_import": [],
            "security_group_names": [],
            "skip_final_snapshot": true,
            "snapshot_identifier": null,
            "status": "available",
            "storage_encrypted": true,
            "storage_type": "gp2",
            "tags": {
              "Name": "BD replica"
            },
            "tags_all": {
              "Name": "BD replica"
            },
            "timeouts": null,
            "timezone": "",
            "username": "main",
            "vpc_security_group_ids": [
              "sg-0f943ba643e2470f6"
            ]
          },
          "sensitive_attributes": [],
          "private": "eyJlMmJmYjczMC1lY2FhLTExZTYtOGY4OC0zNDM2M2JjN2M0YzAiOnsiY3JlYXRlIjoyNDAwMDAwMDAwMDAwLCJkZWxldGUiOjM2MDAwMDAwMDAwMDAsInVwZGF0ZSI6NDgwMDAwMDAwMDAwMH0sInNjaGVtYV92ZXJzaW9uIjoiMSJ9",
          "dependencies": [
            "aws_db_instance.rds_joseph",
            "aws_db_subnet_group.subnet_group_joseph",
            "aws_kms_key.bd_key",
            "aws_secretsmanager_secret.secret_master_bd",
            "aws_secretsmanager_secret_version.access",
            "aws_security_group.joseph_rojas_private_security_group",
            "aws_security_group.joseph_rojas_public_security_group",
            "aws_security_group.joseph_rojas_rds_security_group",
            "aws_subnet.privatesubnet_db_1",
            "aws_subnet.privatesubnet_db_2",
            "data.aws_availability_zones.available",
            "data.aws_vpc.joseph_rojas_vpc"
          ]
        }
      ]
    },
    {
      "mode": "managed",
      "type": "aws_db_subnet_group",
      "name": "subnet_group_joseph",
      "provider": "provider[\"registry.terraform.io/hashicorp/aws\"]",
      "instances": [
        {
          "schema_version": 0,
          "attributes": {
            "arn": "arn:aws:rds:us-east-2:840021737375:subgrp:test-rds",
            "description": "Managed by Terraform",
            "id": "test-rds",
            "name": "test-rds",
            "name_prefix": "",
            "subnet_ids": [
              "subnet-0c492e855296b4c6a",
              "subnet-0cb905322f041de6f"
            ],
            "supported_network_types": [
              "IPV4"
            ],
            "tags": {
              "Name": "test-rds"
            },
            "tags_all": {
              "Name": "test-rds"
            }
          },
          "sensitive_attributes": [],
          "private": "bnVsbA==",
          "dependencies": [
            "aws_subnet.privatesubnet_db_1",
            "aws_subnet.privatesubnet_db_2",
            "data.aws_availability_zones.available",
            "data.aws_vpc.joseph_rojas_vpc"
          ]
        }
      ]
    },
    {
      "mode": "managed",
      "type": "aws_eip",
      "name": "ipNTG",
      "provider": "provider[\"registry.terraform.io/hashicorp/aws\"]",
      "instances": [
        {
          "schema_version": 0,
          "attributes": {
            "address": null,
            "allocation_id": "eipalloc-01e3b53881e1e7195",
            "associate_with_private_ip": null,
            "association_id": "eipassoc-096eba52fb847fa80",
            "carrier_ip": "",
            "customer_owned_ip": "",
            "customer_owned_ipv4_pool": "",
            "domain": "vpc",
            "id": "eipalloc-01e3b53881e1e7195",
            "instance": "",
            "network_border_group": "us-east-2",
            "network_interface": "eni-097aca8ce131576ec",
            "private_dns": "ip-10-1-13-73.us-east-2.compute.internal",
            "private_ip": "10.1.13.73",
            "public_dns": "ec2-3-13-243-102.us-east-2.compute.amazonaws.com",
            "public_ip": "3.13.243.102",
            "public_ipv4_pool": "amazon",
            "tags": {},
            "tags_all": {},
            "timeouts": null,
            "vpc": true
          },
          "sensitive_attributes": [],
          "private": "eyJlMmJmYjczMC1lY2FhLTExZTYtOGY4OC0zNDM2M2JjN2M0YzAiOnsiZGVsZXRlIjoxODAwMDAwMDAwMDAsInJlYWQiOjkwMDAwMDAwMDAwMCwidXBkYXRlIjozMDAwMDAwMDAwMDB9fQ=="
        }
      ]
    },
    {
      "mode": "managed",
      "type": "aws_instance",
      "name": "private_instance",
      "provider": "provider[\"registry.terraform.io/hashicorp/aws\"]",
      "instances": [
        {
          "schema_version": 1,
          "attributes": {
            "ami": "ami-0568773882d492fc8",
            "arn": "arn:aws:ec2:us-east-2:840021737375:instance/i-03d9d9ed153703039",
            "associate_public_ip_address": false,
            "availability_zone": "us-east-2a",
            "capacity_reservation_specification": [
              {
                "capacity_reservation_preference": "open",
                "capacity_reservation_target": []
              }
            ],
            "cpu_core_count": 1,
            "cpu_threads_per_core": 1,
            "credit_specification": [
              {
                "cpu_credits": "standard"
              }
            ],
            "disable_api_stop": false,
            "disable_api_termination": false,
            "ebs_block_device": [],
            "ebs_optimized": false,
            "enclave_options": [
              {
                "enabled": false
              }
            ],
            "ephemeral_block_device": [],
            "get_password_data": false,
            "hibernation": false,
            "host_id": null,
            "host_resource_group_arn": null,
            "iam_instance_profile": "",
            "id": "i-03d9d9ed153703039",
            "instance_initiated_shutdown_behavior": "stop",
            "instance_state": "running",
            "instance_type": "t2.micro",
            "ipv6_address_count": 0,
            "ipv6_addresses": [],
            "key_name": "workshop_key_pair_ec2",
            "launch_template": [],
            "maintenance_options": [
              {
                "auto_recovery": "default"
              }
            ],
            "metadata_options": [
              {
                "http_endpoint": "enabled",
                "http_put_response_hop_limit": 1,
                "http_tokens": "optional",
                "instance_metadata_tags": "disabled"
              }
            ],
            "monitoring": false,
            "network_interface": [],
            "outpost_arn": "",
            "password_data": "",
            "placement_group": "",
            "placement_partition_number": null,
            "primary_network_interface_id": "eni-06ab46cde141a4a6d",
            "private_dns": "ip-10-1-20-188.us-east-2.compute.internal",
            "private_dns_name_options": [
              {
                "enable_resource_name_dns_a_record": false,
                "enable_resource_name_dns_aaaa_record": false,
                "hostname_type": "ip-name"
              }
            ],
            "private_ip": "10.1.20.188",
            "public_dns": "",
            "public_ip": "",
            "root_block_device": [
              {
                "delete_on_termination": true,
                "device_name": "/dev/xvda",
                "encrypted": false,
                "iops": 100,
                "kms_key_id": "",
                "tags": {},
                "throughput": 0,
                "volume_id": "vol-0edcbdbafbca4e4ba",
                "volume_size": 8,
                "volume_type": "gp2"
              }
            ],
            "secondary_private_ips": [],
            "security_groups": [],
            "source_dest_check": true,
            "subnet_id": "subnet-066ca7bd1dc8fae21",
            "tags": {
              "Name": "private_instance"
            },
            "tags_all": {
              "Name": "private_instance"
            },
            "tenancy": "default",
            "timeouts": null,
            "user_data": null,
            "user_data_base64": null,
            "user_data_replace_on_change": false,
            "volume_tags": null,
            "vpc_security_group_ids": [
              "sg-019b4dde63c948f3b"
            ]
          },
          "sensitive_attributes": [],
          "private": "eyJlMmJmYjczMC1lY2FhLTExZTYtOGY4OC0zNDM2M2JjN2M0YzAiOnsiY3JlYXRlIjo2MDAwMDAwMDAwMDAsImRlbGV0ZSI6MTIwMDAwMDAwMDAwMCwidXBkYXRlIjo2MDAwMDAwMDAwMDB9LCJzY2hlbWFfdmVyc2lvbiI6IjEifQ==",
          "dependencies": [
            "aws_key_pair.workshop_key_pair",
            "aws_security_group.joseph_rojas_private_security_group",
            "aws_security_group.joseph_rojas_public_security_group",
            "aws_subnet.privatesubnets",
            "data.aws_vpc.joseph_rojas_vpc",
            "tls_private_key.wkp"
          ]
        }
      ]
    },
    {
      "mode": "managed",
      "type": "aws_instance",
      "name": "public_instance",
      "provider": "provider[\"registry.terraform.io/hashicorp/aws\"]",
      "instances": [
        {
          "schema_version": 1,
          "attributes": {
            "ami": "ami-0568773882d492fc8",
            "arn": "arn:aws:ec2:us-east-2:840021737375:instance/i-0c120324a360a2de1",
            "associate_public_ip_address": true,
            "availability_zone": "us-east-2a",
            "capacity_reservation_specification": [
              {
                "capacity_reservation_preference": "open",
                "capacity_reservation_target": []
              }
            ],
            "cpu_core_count": 1,
            "cpu_threads_per_core": 1,
            "credit_specification": [
              {
                "cpu_credits": "standard"
              }
            ],
            "disable_api_stop": false,
            "disable_api_termination": false,
            "ebs_block_device": [],
            "ebs_optimized": false,
            "enclave_options": [
              {
                "enabled": false
              }
            ],
            "ephemeral_block_device": [],
            "get_password_data": false,
            "hibernation": false,
            "host_id": null,
            "host_resource_group_arn": null,
            "iam_instance_profile": "",
            "id": "i-0c120324a360a2de1",
            "instance_initiated_shutdown_behavior": "stop",
            "instance_state": "running",
            "instance_type": "t2.micro",
            "ipv6_address_count": 0,
            "ipv6_addresses": [],
            "key_name": "workshop_key_pair_ec2",
            "launch_template": [],
            "maintenance_options": [
              {
                "auto_recovery": "default"
              }
            ],
            "metadata_options": [
              {
                "http_endpoint": "enabled",
                "http_put_response_hop_limit": 1,
                "http_tokens": "optional",
                "instance_metadata_tags": "disabled"
              }
            ],
            "monitoring": false,
            "network_interface": [],
            "outpost_arn": "",
            "password_data": "",
            "placement_group": "",
            "placement_partition_number": null,
            "primary_network_interface_id": "eni-04235f8a0169a1906",
            "private_dns": "ip-10-1-13-135.us-east-2.compute.internal",
            "private_dns_name_options": [
              {
                "enable_resource_name_dns_a_record": false,
                "enable_resource_name_dns_aaaa_record": false,
                "hostname_type": "ip-name"
              }
            ],
            "private_ip": "10.1.13.135",
            "public_dns": "",
            "public_ip": "3.133.139.221",
            "root_block_device": [
              {
                "delete_on_termination": true,
                "device_name": "/dev/xvda",
                "encrypted": false,
                "iops": 100,
                "kms_key_id": "",
                "tags": {},
                "throughput": 0,
                "volume_id": "vol-09abead5c9c373c37",
                "volume_size": 8,
                "volume_type": "gp2"
              }
            ],
            "secondary_private_ips": [],
            "security_groups": [],
            "source_dest_check": true,
            "subnet_id": "subnet-0b8a0fd3c1de22472",
            "tags": {
              "Name": "public_instance"
            },
            "tags_all": {
              "Name": "public_instance"
            },
            "tenancy": "default",
            "timeouts": null,
            "user_data": null,
            "user_data_base64": null,
            "user_data_replace_on_change": false,
            "volume_tags": null,
            "vpc_security_group_ids": [
              "sg-0ae77d3341e239754"
            ]
          },
          "sensitive_attributes": [],
          "private": "eyJlMmJmYjczMC1lY2FhLTExZTYtOGY4OC0zNDM2M2JjN2M0YzAiOnsiY3JlYXRlIjo2MDAwMDAwMDAwMDAsImRlbGV0ZSI6MTIwMDAwMDAwMDAwMCwidXBkYXRlIjo2MDAwMDAwMDAwMDB9LCJzY2hlbWFfdmVyc2lvbiI6IjEifQ==",
          "dependencies": [
            "aws_key_pair.workshop_key_pair",
            "aws_security_group.joseph_rojas_public_security_group",
            "aws_subnet.publicsubnets",
            "data.aws_vpc.joseph_rojas_vpc",
            "tls_private_key.wkp"
          ]
        }
      ]
    },
    {
      "mode": "managed",
      "type": "aws_key_pair",
      "name": "workshop_key_pair",
      "provider": "provider[\"registry.terraform.io/hashicorp/aws\"]",
      "instances": [
        {
          "schema_version": 1,
          "attributes": {
            "arn": "arn:aws:ec2:us-east-2:840021737375:key-pair/workshop_key_pair_ec2",
            "fingerprint": "d2:4e:b8:45:0c:25:3e:98:d1:db:3f:eb:05:50:a2:03",
            "id": "workshop_key_pair_ec2",
            "key_name": "workshop_key_pair_ec2",
            "key_name_prefix": "",
            "key_pair_id": "key-071d1538ec821d92d",
            "key_type": "rsa",
            "public_key": "ssh-rsa AAAAB3NzaC1yc2EAAAADAQABAAABAQDMEj5DjqvRp2b9/F9FPLKtCVsTQKMUVzI5eOhPPlZCkLURGKrzX6SmeLoHqHjnBAhTn8N8+f11mQt4lg8uCD0TNRQ0yY7mSPh5QwmnDRvkIdjKvh4wBthyeuvyne6Z+/aswB5jTLPdCQPCnu7jtczsT7DlwA8lvfg//5D+NrLIClXuDsGT/RlpgG6i173Ssr4mo0HZD4jjUKYiUCWX2/u6QjNPjg+lhP6NSPALxxnkBQpLjxf2Ty8ytbmyleJDuVwAk7DN9TCKk6mD2VmjSwymE5Z2JGs8F7rBEV/38LPamuM7WALFmJCRuA2StVW1NOhkk2SSpbOmLBU3kxW3aZtB",
            "tags": {
              "Name": "key_pair_joseph_rojas_ec2"
            },
            "tags_all": {
              "Name": "key_pair_joseph_rojas_ec2"
            }
          },
          "sensitive_attributes": [],
          "private": "eyJzY2hlbWFfdmVyc2lvbiI6IjEifQ==",
          "dependencies": [
            "tls_private_key.wkp"
          ]
        }
      ]
    },
    {
      "mode": "managed",
      "type": "aws_kms_key",
      "name": "bd_key",
      "provider": "provider[\"registry.terraform.io/hashicorp/aws\"]",
      "instances": [
        {
          "schema_version": 0,
          "attributes": {
            "arn": "arn:aws:kms:us-east-2:840021737375:key/e1459624-9478-436c-a023-f00bb9fb35e9",
            "bypass_policy_lockout_safety_check": false,
            "customer_master_key_spec": "SYMMETRIC_DEFAULT",
            "deletion_window_in_days": null,
            "description": "kms key for BD",
            "enable_key_rotation": false,
            "id": "e1459624-9478-436c-a023-f00bb9fb35e9",
            "is_enabled": true,
            "key_id": "e1459624-9478-436c-a023-f00bb9fb35e9",
            "key_usage": "ENCRYPT_DECRYPT",
            "multi_region": false,
            "policy": "{\"Id\":\"key-default-1\",\"Statement\":[{\"Action\":\"kms:*\",\"Effect\":\"Allow\",\"Principal\":{\"AWS\":\"arn:aws:iam::840021737375:root\"},\"Resource\":\"*\",\"Sid\":\"Enable IAM User Permissions\"}],\"Version\":\"2012-10-17\"}",
            "tags": {
              "Name": "joseph_rojas_kms_db"
            },
            "tags_all": {
              "Name": "joseph_rojas_kms_db"
            }
          },
          "sensitive_attributes": [],
          "private": "bnVsbA=="
        }
      ]
    },
    {
      "mode": "managed",
      "type": "aws_nat_gateway",
      "name": "NATgw",
      "provider": "provider[\"registry.terraform.io/hashicorp/aws\"]",
      "instances": [
        {
          "schema_version": 0,
          "attributes": {
            "allocation_id": "eipalloc-01e3b53881e1e7195",
            "connectivity_type": "public",
            "id": "nat-01bf5a08b01063ea7",
            "network_interface_id": "eni-097aca8ce131576ec",
            "private_ip": "10.1.13.73",
            "public_ip": "3.13.243.102",
            "subnet_id": "subnet-0b8a0fd3c1de22472",
            "tags": {},
            "tags_all": {}
          },
          "sensitive_attributes": [],
          "private": "bnVsbA==",
          "dependencies": [
            "aws_eip.ipNTG",
            "aws_subnet.publicsubnets",
            "data.aws_vpc.joseph_rojas_vpc"
          ]
        }
      ]
    },
    {
      "mode": "managed",
      "type": "aws_route_table",
      "name": "PrivateRT",
      "provider": "provider[\"registry.terraform.io/hashicorp/aws\"]",
      "instances": [
        {
          "schema_version": 0,
          "attributes": {
            "arn": "arn:aws:ec2:us-east-2:840021737375:route-table/rtb-07a9c69a438ffb88f",
            "id": "rtb-07a9c69a438ffb88f",
            "owner_id": "840021737375",
            "propagating_vgws": [],
            "route": [
              {
                "carrier_gateway_id": "",
                "cidr_block": "0.0.0.0/0",
                "core_network_arn": "",
                "destination_prefix_list_id": "",
                "egress_only_gateway_id": "",
                "gateway_id": "",
                "instance_id": "",
                "ipv6_cidr_block": "",
                "local_gateway_id": "",
                "nat_gateway_id": "nat-01bf5a08b01063ea7",
                "network_interface_id": "",
                "transit_gateway_id": "",
                "vpc_endpoint_id": "",
                "vpc_peering_connection_id": ""
              }
            ],
            "tags": {
              "Name": "joseph_rojas_private_route_table"
            },
            "tags_all": {
              "Name": "joseph_rojas_private_route_table"
            },
            "timeouts": null,
            "vpc_id": "vpc-054fae29f953c7336"
          },
          "sensitive_attributes": [],
          "private": "eyJlMmJmYjczMC1lY2FhLTExZTYtOGY4OC0zNDM2M2JjN2M0YzAiOnsiY3JlYXRlIjozMDAwMDAwMDAwMDAsImRlbGV0ZSI6MzAwMDAwMDAwMDAwLCJ1cGRhdGUiOjEyMDAwMDAwMDAwMH19",
          "dependencies": [
            "aws_eip.ipNTG",
            "aws_nat_gateway.NATgw",
            "aws_subnet.publicsubnets",
            "data.aws_vpc.joseph_rojas_vpc"
          ]
        }
      ]
    },
    {
      "mode": "managed",
      "type": "aws_route_table",
      "name": "PublicRT",
      "provider": "provider[\"registry.terraform.io/hashicorp/aws\"]",
      "instances": [
        {
          "schema_version": 0,
          "attributes": {
            "arn": "arn:aws:ec2:us-east-2:840021737375:route-table/rtb-0690958ebf0445610",
            "id": "rtb-0690958ebf0445610",
            "owner_id": "840021737375",
            "propagating_vgws": [],
            "route": [
              {
                "carrier_gateway_id": "",
                "cidr_block": "0.0.0.0/0",
                "core_network_arn": "",
                "destination_prefix_list_id": "",
                "egress_only_gateway_id": "",
                "gateway_id": "igw-002a2d9348b8bcb45",
                "instance_id": "",
                "ipv6_cidr_block": "",
                "local_gateway_id": "",
                "nat_gateway_id": "",
                "network_interface_id": "",
                "transit_gateway_id": "",
                "vpc_endpoint_id": "",
                "vpc_peering_connection_id": ""
              }
            ],
            "tags": {
              "Name": "joseph_rojas_route_table"
            },
            "tags_all": {
              "Name": "joseph_rojas_route_table"
            },
            "timeouts": null,
            "vpc_id": "vpc-054fae29f953c7336"
          },
          "sensitive_attributes": [],
          "private": "eyJlMmJmYjczMC1lY2FhLTExZTYtOGY4OC0zNDM2M2JjN2M0YzAiOnsiY3JlYXRlIjozMDAwMDAwMDAwMDAsImRlbGV0ZSI6MzAwMDAwMDAwMDAwLCJ1cGRhdGUiOjEyMDAwMDAwMDAwMH19",
          "dependencies": [
            "data.aws_internet_gateway.IGW",
            "data.aws_vpc.joseph_rojas_vpc"
          ]
        }
      ]
    },
    {
      "mode": "managed",
      "type": "aws_route_table_association",
      "name": "PrivateRTassociation",
      "provider": "provider[\"registry.terraform.io/hashicorp/aws\"]",
      "instances": [
        {
          "schema_version": 0,
          "attributes": {
            "gateway_id": "",
            "id": "rtbassoc-056b1f29a3429641f",
            "route_table_id": "rtb-07a9c69a438ffb88f",
            "subnet_id": "subnet-066ca7bd1dc8fae21"
          },
          "sensitive_attributes": [],
          "private": "bnVsbA==",
          "dependencies": [
            "aws_eip.ipNTG",
            "aws_nat_gateway.NATgw",
            "aws_route_table.PrivateRT",
            "aws_subnet.privatesubnets",
            "aws_subnet.publicsubnets",
            "data.aws_vpc.joseph_rojas_vpc"
          ]
        }
      ]
    },
    {
      "mode": "managed",
      "type": "aws_route_table_association",
      "name": "PublicRTassociation",
      "provider": "provider[\"registry.terraform.io/hashicorp/aws\"]",
      "instances": [
        {
          "schema_version": 0,
          "attributes": {
            "gateway_id": "",
            "id": "rtbassoc-09e8adb09fb6897a3",
            "route_table_id": "rtb-0690958ebf0445610",
            "subnet_id": "subnet-0b8a0fd3c1de22472"
          },
          "sensitive_attributes": [],
          "private": "bnVsbA==",
          "dependencies": [
            "aws_route_table.PublicRT",
            "aws_subnet.publicsubnets",
            "data.aws_internet_gateway.IGW",
            "data.aws_vpc.joseph_rojas_vpc"
          ]
        }
      ]
    },
    {
      "mode": "managed",
      "type": "aws_secretsmanager_secret",
      "name": "secret_master_bd",
      "provider": "provider[\"registry.terraform.io/hashicorp/aws\"]",
      "instances": [
        {
          "schema_version": 0,
          "attributes": {
            "arn": "arn:aws:secretsmanager:us-east-2:840021737375:secret:master_access-dZ9rm7",
            "description": "",
            "force_overwrite_replica_secret": false,
            "id": "arn:aws:secretsmanager:us-east-2:840021737375:secret:master_access-dZ9rm7",
            "kms_key_id": "",
            "name": "master_access",
            "name_prefix": "",
            "policy": "",
            "recovery_window_in_days": 30,
            "replica": [],
            "rotation_enabled": false,
            "rotation_lambda_arn": "",
            "rotation_rules": [],
            "tags": {},
            "tags_all": {}
          },
          "sensitive_attributes": [],
          "private": "bnVsbA=="
        }
      ]
    },
    {
      "mode": "managed",
      "type": "aws_secretsmanager_secret_version",
      "name": "access",
      "provider": "provider[\"registry.terraform.io/hashicorp/aws\"]",
      "instances": [
        {
          "schema_version": 0,
          "attributes": {
            "arn": "arn:aws:secretsmanager:us-east-2:840021737375:secret:master_access-dZ9rm7",
            "id": "arn:aws:secretsmanager:us-east-2:840021737375:secret:master_access-dZ9rm7|3420236E-66A3-472E-B00D-BB4A9357F3CC",
            "secret_binary": "",
            "secret_id": "arn:aws:secretsmanager:us-east-2:840021737375:secret:master_access-dZ9rm7",
            "secret_string": "{\"password\":\"lab-rds-master\",\"username\":\"main\"}",
            "version_id": "3420236E-66A3-472E-B00D-BB4A9357F3CC",
            "version_stages": [
              "AWSCURRENT"
            ]
          },
          "sensitive_attributes": [
            [
              {
                "type": "get_attr",
                "value": "secret_string"
              }
            ]
          ],
          "private": "bnVsbA==",
          "dependencies": [
            "aws_secretsmanager_secret.secret_master_bd"
          ]
        }
      ]
    },
    {
      "mode": "managed",
      "type": "aws_security_group",
      "name": "joseph_rojas_private_security_group",
      "provider": "provider[\"registry.terraform.io/hashicorp/aws\"]",
      "instances": [
        {
          "schema_version": 1,
          "attributes": {
            "arn": "arn:aws:ec2:us-east-2:840021737375:security-group/sg-019b4dde63c948f3b",
            "description": "Managed by Terraform",
            "egress": [
              {
                "cidr_blocks": [
                  "0.0.0.0/0"
                ],
                "description": "Outbound rule",
                "from_port": 0,
                "ipv6_cidr_blocks": [],
                "prefix_list_ids": [],
                "protocol": "-1",
                "security_groups": [],
                "self": false,
                "to_port": 0
              }
            ],
            "id": "sg-019b4dde63c948f3b",
            "ingress": [
              {
                "cidr_blocks": [],
                "description": "TCP rule",
                "from_port": 22,
                "ipv6_cidr_blocks": [],
                "prefix_list_ids": [],
                "protocol": "tcp",
                "security_groups": [
                  "sg-0ae77d3341e239754"
                ],
                "self": false,
                "to_port": 22
              }
            ],
            "name": "sg_group_private_ec2",
            "name_prefix": "",
            "owner_id": "840021737375",
            "revoke_rules_on_delete": false,
            "tags": {
              "Name": "private_SG_ec2"
            },
            "tags_all": {
              "Name": "private_SG_ec2"
            },
            "timeouts": null,
            "vpc_id": "vpc-054fae29f953c7336"
          },
          "sensitive_attributes": [],
          "private": "eyJlMmJmYjczMC1lY2FhLTExZTYtOGY4OC0zNDM2M2JjN2M0YzAiOnsiY3JlYXRlIjo2MDAwMDAwMDAwMDAsImRlbGV0ZSI6OTAwMDAwMDAwMDAwfSwic2NoZW1hX3ZlcnNpb24iOiIxIn0=",
          "dependencies": [
            "aws_security_group.joseph_rojas_public_security_group",
            "data.aws_vpc.joseph_rojas_vpc"
          ]
        }
      ]
    },
    {
      "mode": "managed",
      "type": "aws_security_group",
      "name": "joseph_rojas_public_security_group",
      "provider": "provider[\"registry.terraform.io/hashicorp/aws\"]",
      "instances": [
        {
          "schema_version": 1,
          "attributes": {
            "arn": "arn:aws:ec2:us-east-2:840021737375:security-group/sg-0ae77d3341e239754",
            "description": "Managed by Terraform",
            "egress": [
              {
                "cidr_blocks": [
                  "0.0.0.0/0"
                ],
                "description": "Outbound rule",
                "from_port": 0,
                "ipv6_cidr_blocks": [],
                "prefix_list_ids": [],
                "protocol": "-1",
                "security_groups": [],
                "self": false,
                "to_port": 0
              }
            ],
            "id": "sg-0ae77d3341e239754",
            "ingress": [
              {
                "cidr_blocks": [
                  "0.0.0.0/0"
                ],
                "description": "HTTP rule",
                "from_port": 80,
                "ipv6_cidr_blocks": [],
                "prefix_list_ids": [],
                "protocol": "tcp",
                "security_groups": [],
                "self": false,
                "to_port": 80
              },
              {
                "cidr_blocks": [
                  "0.0.0.0/0"
                ],
                "description": "TCP rule",
                "from_port": 22,
                "ipv6_cidr_blocks": [],
                "prefix_list_ids": [],
                "protocol": "tcp",
                "security_groups": [],
                "self": false,
                "to_port": 22
              }
            ],
            "name": "sg_group_public_ec2",
            "name_prefix": "",
            "owner_id": "840021737375",
            "revoke_rules_on_delete": false,
            "tags": {
              "Name": "public_SG_ec2"
            },
            "tags_all": {
              "Name": "public_SG_ec2"
            },
            "timeouts": null,
            "vpc_id": "vpc-054fae29f953c7336"
          },
          "sensitive_attributes": [],
          "private": "eyJlMmJmYjczMC1lY2FhLTExZTYtOGY4OC0zNDM2M2JjN2M0YzAiOnsiY3JlYXRlIjo2MDAwMDAwMDAwMDAsImRlbGV0ZSI6OTAwMDAwMDAwMDAwfSwic2NoZW1hX3ZlcnNpb24iOiIxIn0=",
          "dependencies": [
            "data.aws_vpc.joseph_rojas_vpc"
          ]
        }
      ]
    },
    {
      "mode": "managed",
      "type": "aws_security_group",
      "name": "joseph_rojas_rds_security_group",
      "provider": "provider[\"registry.terraform.io/hashicorp/aws\"]",
      "instances": [
        {
          "schema_version": 1,
          "attributes": {
            "arn": "arn:aws:ec2:us-east-2:840021737375:security-group/sg-0f943ba643e2470f6",
            "description": "Managed by Terraform",
            "egress": [
              {
                "cidr_blocks": [
                  "0.0.0.0/0"
                ],
                "description": "Outbound rule",
                "from_port": 0,
                "ipv6_cidr_blocks": [],
                "prefix_list_ids": [],
                "protocol": "-1",
                "security_groups": [],
                "self": false,
                "to_port": 0
              }
            ],
            "id": "sg-0f943ba643e2470f6",
            "ingress": [
              {
                "cidr_blocks": [],
                "description": "TCP rule",
                "from_port": 3306,
                "ipv6_cidr_blocks": [],
                "prefix_list_ids": [],
                "protocol": "tcp",
                "security_groups": [
                  "sg-019b4dde63c948f3b"
                ],
                "self": false,
                "to_port": 3306
              }
            ],
            "name": "sg_group_access_rds",
            "name_prefix": "",
            "owner_id": "840021737375",
            "revoke_rules_on_delete": false,
            "tags": {
              "Name": "private_SG_rds"
            },
            "tags_all": {
              "Name": "private_SG_rds"
            },
            "timeouts": null,
            "vpc_id": "vpc-054fae29f953c7336"
          },
          "sensitive_attributes": [],
          "private": "eyJlMmJmYjczMC1lY2FhLTExZTYtOGY4OC0zNDM2M2JjN2M0YzAiOnsiY3JlYXRlIjo2MDAwMDAwMDAwMDAsImRlbGV0ZSI6OTAwMDAwMDAwMDAwfSwic2NoZW1hX3ZlcnNpb24iOiIxIn0=",
          "dependencies": [
            "aws_security_group.joseph_rojas_private_security_group",
            "aws_security_group.joseph_rojas_public_security_group",
            "data.aws_vpc.joseph_rojas_vpc"
          ]
        }
      ]
    },
    {
      "mode": "managed",
      "type": "aws_subnet",
      "name": "privatesubnet_db_1",
      "provider": "provider[\"registry.terraform.io/hashicorp/aws\"]",
      "instances": [
        {
          "schema_version": 1,
          "attributes": {
            "arn": "arn:aws:ec2:us-east-2:840021737375:subnet/subnet-0cb905322f041de6f",
            "assign_ipv6_address_on_creation": false,
            "availability_zone": "us-east-2b",
            "availability_zone_id": "use2-az2",
            "cidr_block": "10.1.6.0/24",
            "customer_owned_ipv4_pool": "",
            "enable_dns64": false,
            "enable_resource_name_dns_a_record_on_launch": false,
            "enable_resource_name_dns_aaaa_record_on_launch": false,
            "id": "subnet-0cb905322f041de6f",
            "ipv6_cidr_block": "",
            "ipv6_cidr_block_association_id": "",
            "ipv6_native": false,
            "map_customer_owned_ip_on_launch": false,
            "map_public_ip_on_launch": false,
            "outpost_arn": "",
            "owner_id": "840021737375",
            "private_dns_hostname_type_on_launch": "ip-name",
            "tags": {
              "Name": "joseph_rojas_rds_psn_1"
            },
            "tags_all": {
              "Name": "joseph_rojas_rds_psn_1"
            },
            "timeouts": null,
            "vpc_id": "vpc-054fae29f953c7336"
          },
          "sensitive_attributes": [],
          "private": "eyJlMmJmYjczMC1lY2FhLTExZTYtOGY4OC0zNDM2M2JjN2M0YzAiOnsiY3JlYXRlIjo2MDAwMDAwMDAwMDAsImRlbGV0ZSI6MTIwMDAwMDAwMDAwMH0sInNjaGVtYV92ZXJzaW9uIjoiMSJ9",
          "dependencies": [
            "data.aws_availability_zones.available",
            "data.aws_vpc.joseph_rojas_vpc"
          ]
        }
      ]
    },
    {
      "mode": "managed",
      "type": "aws_subnet",
      "name": "privatesubnet_db_2",
      "provider": "provider[\"registry.terraform.io/hashicorp/aws\"]",
      "instances": [
        {
          "schema_version": 1,
          "attributes": {
            "arn": "arn:aws:ec2:us-east-2:840021737375:subnet/subnet-0c492e855296b4c6a",
            "assign_ipv6_address_on_creation": false,
            "availability_zone": "us-east-2c",
            "availability_zone_id": "use2-az3",
            "cidr_block": "10.1.7.0/24",
            "customer_owned_ipv4_pool": "",
            "enable_dns64": false,
            "enable_resource_name_dns_a_record_on_launch": false,
            "enable_resource_name_dns_aaaa_record_on_launch": false,
            "id": "subnet-0c492e855296b4c6a",
            "ipv6_cidr_block": "",
            "ipv6_cidr_block_association_id": "",
            "ipv6_native": false,
            "map_customer_owned_ip_on_launch": false,
            "map_public_ip_on_launch": false,
            "outpost_arn": "",
            "owner_id": "840021737375",
            "private_dns_hostname_type_on_launch": "ip-name",
            "tags": {
              "Name": "joseph_rojas_rds_psn_2"
            },
            "tags_all": {
              "Name": "joseph_rojas_rds_psn_2"
            },
            "timeouts": null,
            "vpc_id": "vpc-054fae29f953c7336"
          },
          "sensitive_attributes": [],
          "private": "eyJlMmJmYjczMC1lY2FhLTExZTYtOGY4OC0zNDM2M2JjN2M0YzAiOnsiY3JlYXRlIjo2MDAwMDAwMDAwMDAsImRlbGV0ZSI6MTIwMDAwMDAwMDAwMH0sInNjaGVtYV92ZXJzaW9uIjoiMSJ9",
          "dependencies": [
            "data.aws_availability_zones.available",
            "data.aws_vpc.joseph_rojas_vpc"
          ]
        }
      ]
    },
    {
      "mode": "managed",
      "type": "aws_subnet",
      "name": "privatesubnets",
      "provider": "provider[\"registry.terraform.io/hashicorp/aws\"]",
      "instances": [
        {
          "schema_version": 1,
          "attributes": {
            "arn": "arn:aws:ec2:us-east-2:840021737375:subnet/subnet-066ca7bd1dc8fae21",
            "assign_ipv6_address_on_creation": false,
            "availability_zone": "us-east-2a",
            "availability_zone_id": "use2-az1",
            "cidr_block": "10.1.20.0/24",
            "customer_owned_ipv4_pool": "",
            "enable_dns64": false,
            "enable_resource_name_dns_a_record_on_launch": false,
            "enable_resource_name_dns_aaaa_record_on_launch": false,
            "id": "subnet-066ca7bd1dc8fae21",
            "ipv6_cidr_block": "",
            "ipv6_cidr_block_association_id": "",
            "ipv6_native": false,
            "map_customer_owned_ip_on_launch": false,
            "map_public_ip_on_launch": false,
            "outpost_arn": "",
            "owner_id": "840021737375",
            "private_dns_hostname_type_on_launch": "ip-name",
            "tags": {
              "Name": "joseph_rojas_private_ec2"
            },
            "tags_all": {
              "Name": "joseph_rojas_private_ec2"
            },
            "timeouts": null,
            "vpc_id": "vpc-054fae29f953c7336"
          },
          "sensitive_attributes": [],
          "private": "eyJlMmJmYjczMC1lY2FhLTExZTYtOGY4OC0zNDM2M2JjN2M0YzAiOnsiY3JlYXRlIjo2MDAwMDAwMDAwMDAsImRlbGV0ZSI6MTIwMDAwMDAwMDAwMH0sInNjaGVtYV92ZXJzaW9uIjoiMSJ9",
          "dependencies": [
            "data.aws_vpc.joseph_rojas_vpc"
          ]
        }
      ]
    },
    {
      "mode": "managed",
      "type": "aws_subnet",
      "name": "publicsubnets",
      "provider": "provider[\"registry.terraform.io/hashicorp/aws\"]",
      "instances": [
        {
          "schema_version": 1,
          "attributes": {
            "arn": "arn:aws:ec2:us-east-2:840021737375:subnet/subnet-0b8a0fd3c1de22472",
            "assign_ipv6_address_on_creation": false,
            "availability_zone": "us-east-2a",
            "availability_zone_id": "use2-az1",
            "cidr_block": "10.1.13.0/24",
            "customer_owned_ipv4_pool": "",
            "enable_dns64": false,
            "enable_resource_name_dns_a_record_on_launch": false,
            "enable_resource_name_dns_aaaa_record_on_launch": false,
            "id": "subnet-0b8a0fd3c1de22472",
            "ipv6_cidr_block": "",
            "ipv6_cidr_block_association_id": "",
            "ipv6_native": false,
            "map_customer_owned_ip_on_launch": false,
            "map_public_ip_on_launch": false,
            "outpost_arn": "",
            "owner_id": "840021737375",
            "private_dns_hostname_type_on_launch": "ip-name",
            "tags": {
              "Name": "joseph_rojas_psn_ec2"
            },
            "tags_all": {
              "Name": "joseph_rojas_psn_ec2"
            },
            "timeouts": null,
            "vpc_id": "vpc-054fae29f953c7336"
          },
          "sensitive_attributes": [],
          "private": "eyJlMmJmYjczMC1lY2FhLTExZTYtOGY4OC0zNDM2M2JjN2M0YzAiOnsiY3JlYXRlIjo2MDAwMDAwMDAwMDAsImRlbGV0ZSI6MTIwMDAwMDAwMDAwMH0sInNjaGVtYV92ZXJzaW9uIjoiMSJ9",
          "dependencies": [
            "data.aws_vpc.joseph_rojas_vpc"
          ]
        }
      ]
    },
    {
      "mode": "managed",
      "type": "local_file",
      "name": "myKey",
      "provider": "provider[\"registry.terraform.io/hashicorp/local\"]",
      "instances": [
        {
          "schema_version": 0,
          "attributes": {
            "content": "-----BEGIN RSA PRIVATE KEY-----\nMIIEowIBAAKCAQEAzBI+Q46r0adm/fxfRTyyrQlbE0CjFFcyOXjoTz5WQpC1ERiq\n81+kpni6B6h45wQIU5/DfPn9dZkLeJYPLgg9EzUUNMmO5kj4eUMJpw0b5CHYyr4e\nMAbYcnrr8p3umfv2rMAeY0yz3QkDwp7u47XM7E+w5cAPJb34P/+Q/jayyApV7g7B\nk/0ZaYBuote90rK+JqNB2Q+I41CmIlAll9v7ukIzT44PpYT+jUjwC8cZ5AUKS48X\n9k8vMrW5spXiQ7lcAJOwzfUwipOpg9lZo0sMphOWdiRrPBe6wRFf9/Cz2prjO1gC\nxZiQkbgNkrVVtTToZJNkkqWzpiwVN5MVt2mbQQIDAQABAoIBACgSaQGREXIwwgub\ntAV/fsJ1tNmZ9qv211jrwgpVflDB45xA0MjLfiRmTnlUfrE2XIA3PgbbfAbMj7EV\nHlP2sC+GW7pl3dage5IsNMgFzfVFJDHjlT/vCC+qrYxNsN2x2WVgsFblZ+g+beuY\nk+ZI+71nhKAIz7CklgvTHmCc0wxuiVdebFmhf6Q4Ikin4jGzJpB9YlePuaU2j23c\nbHrJLjvQyJORPiba4XhlJbaCgOleaFrNvgjegIPXrir8Uh2y5NWaNwYSv1Rt2qLH\naRoS6/WdZ5oRApFUsX/0Cii3Gg4apWj5jaF+2GqmzoyDW61UFHWz0nCtRgS4Z912\nvcwSevECgYEA6qsSVXfqwD+om4Dxt8Gyp0M1fgrmeXJjiW7oqSb9MmWANsm2p+SI\nPHzZ0boZFn51+3kE61AryruIjI2SSW2VMJv4Lkl9Vm5tUduxxVrxre7IZwm6la1p\nuLTiBMldUA8JwnM2H+ufZLBtzcGDRlLsxe39HXdyWsxqDRAujqfJvkUCgYEA3p8n\nZXHK6G/PdbNFgw+Z2vBR/3b9LDooR8KgCNHp9z5gyFZNIuIWl6Cf2oLuD0FeFmCh\nwCREgZoBO6cuvg4y61krCye2d2YHIR5BzN4uUkW3+XcGI5Hqw40y3/2slCFo/n6C\njYzhH2/qrjIdbXFx5MzL8hMcI2Yc4+6G79cGJs0CgYADxiiPU1RlLyDpD1PT3rue\n0QflNQur3FkZdr0rK0NbMiKzvt6/KH/AaUmfg9yvbe071CBuIGXz5rw1dnlp0Odb\nVsbRB8GKSFBdxqi/Qc0tPO/gKFnl2loe7FnONebYSMWhaPTv4nw3xFafvoL7+I1y\nSXeOp8MhDrSN7TqydKRb+QKBgFm5r7k1SeCw397CaGvQZ+RUI9hg7t1ae02g5bto\nT3I1E/Dqx6Adm5l1RbheOPCxGejO/aJhe7L4jTKryS0Ur/UnNTADy4kH+Cui9EZL\n7kN+kg3bqP/BGevDBxQ8O8hgRt77wkam1z1CcEXRMQchSBQ9bp2ckiS6TT6Yro4Q\nDgypAoGBAIBkFdlJra/SRwI5+ohiuS1sRg+eaSTss5pqpaKv50J9HClehjt11IlL\n5ypE/T9IoSaEe1ILjOxaln9KS9NEOBOJycEDHBvhjtS1rlJAGmPbViglD/jq0X0e\nkpWTWhlsPU+FBfh/B6Z2QYDwuvb/lEnOHPVKuBNfzId2uCZLUey/\n-----END RSA PRIVATE KEY-----\n",
            "content_base64": null,
            "directory_permission": "0777",
            "file_permission": "0777",
            "filename": "my_key.pem",
            "id": "10c84daf363aaa0dd50cca90f3edfad584d950df",
            "sensitive_content": null,
            "source": null
          },
          "sensitive_attributes": [
            [
              {
                "type": "get_attr",
                "value": "content"
              }
            ]
          ],
          "private": "bnVsbA==",
          "dependencies": [
            "tls_private_key.wkp"
          ]
        }
      ]
    },
    {
      "mode": "managed",
      "type": "tls_private_key",
      "name": "wkp",
      "provider": "provider[\"registry.terraform.io/hashicorp/tls\"]",
      "instances": [
        {
          "schema_version": 1,
          "attributes": {
            "algorithm": "RSA",
            "ecdsa_curve": "P224",
            "id": "b9b7d882c06c77672a32156f86b5e7717e30c7ba",
            "private_key_openssh": "-----BEGIN OPENSSH PRIVATE KEY-----\nb3BlbnNzaC1rZXktdjEAAAAABG5vbmUAAAAEbm9uZQAAAAAAAAABAAABFwAAAAdz\nc2gtcnNhAAAAAwEAAQAAAQEAzBI+Q46r0adm/fxfRTyyrQlbE0CjFFcyOXjoTz5W\nQpC1ERiq81+kpni6B6h45wQIU5/DfPn9dZkLeJYPLgg9EzUUNMmO5kj4eUMJpw0b\n5CHYyr4eMAbYcnrr8p3umfv2rMAeY0yz3QkDwp7u47XM7E+w5cAPJb34P/+Q/jay\nyApV7g7Bk/0ZaYBuote90rK+JqNB2Q+I41CmIlAll9v7ukIzT44PpYT+jUjwC8cZ\n5AUKS48X9k8vMrW5spXiQ7lcAJOwzfUwipOpg9lZo0sMphOWdiRrPBe6wRFf9/Cz\n2prjO1gCxZiQkbgNkrVVtTToZJNkkqWzpiwVN5MVt2mbQQAAA7hmnEL2ZpxC9gAA\nAAdzc2gtcnNhAAABAQDMEj5DjqvRp2b9/F9FPLKtCVsTQKMUVzI5eOhPPlZCkLUR\nGKrzX6SmeLoHqHjnBAhTn8N8+f11mQt4lg8uCD0TNRQ0yY7mSPh5QwmnDRvkIdjK\nvh4wBthyeuvyne6Z+/aswB5jTLPdCQPCnu7jtczsT7DlwA8lvfg//5D+NrLIClXu\nDsGT/RlpgG6i173Ssr4mo0HZD4jjUKYiUCWX2/u6QjNPjg+lhP6NSPALxxnkBQpL\njxf2Ty8ytbmyleJDuVwAk7DN9TCKk6mD2VmjSwymE5Z2JGs8F7rBEV/38LPamuM7\nWALFmJCRuA2StVW1NOhkk2SSpbOmLBU3kxW3aZtBAAAAAwEAAQAAAQAoEmkBkRFy\nMMILm7QFf37CdbTZmfar9tdY68IKVX5QweOcQNDIy34kZk55VH6xNlyANz4G23wG\nzI+xFR5T9rAvhlu6Zd3WoHuSLDTIBc31RSQx45U/7wgvqq2MTbDdsdllYLBW5Wfo\nPm3rmJPmSPu9Z4SgCM+wpJYL0x5gnNMMbolXXmxZoX+kOCJIp+IxsyaQfWJXj7ml\nNo9t3Gx6yS470MiTkT4m2uF4ZSW2goDpXmhazb4I3oCD164q/FIdsuTVmjcGEr9U\nbdqix2kaEuv1nWeaEQKRVLF/9AootxoOGqVo+Y2hfthqps6Mg1utVBR1s9JwrUYE\nuGfddr3MEnrxAAAAgQCAZBXZSa2v0kcCOfqIYrktbEYPnmkk7LOaaqWir+dCfRwp\nXoY7ddSJS+cqRP0/SKEmhHtSC4zsWpZ/SkvTRDgTicnBAxwb4Y7Uta5SQBpj21Yo\nJQ/46tF9HpKVk1oZbD1PhQX4fwemdkGA8Lr2/5RJzhz1SrgTX8yHdrgmS1HsvwAA\nAIEA6qsSVXfqwD+om4Dxt8Gyp0M1fgrmeXJjiW7oqSb9MmWANsm2p+SIPHzZ0boZ\nFn51+3kE61AryruIjI2SSW2VMJv4Lkl9Vm5tUduxxVrxre7IZwm6la1puLTiBMld\nUA8JwnM2H+ufZLBtzcGDRlLsxe39HXdyWsxqDRAujqfJvkUAAACBAN6fJ2Vxyuhv\nz3WzRYMPmdrwUf92/Sw6KEfCoAjR6fc+YMhWTSLiFpegn9qC7g9BXhZgocAkRIGa\nATunLr4OMutZKwsntndmByEeQczeLlJFt/l3BiOR6sONMt/9rJQhaP5+go2M4R9v\n6q4yHW1xceTMy/ITHCNmHOPuhu/XBibNAAAAAAEC\n-----END OPENSSH PRIVATE KEY-----\n",
            "private_key_pem": "-----BEGIN RSA PRIVATE KEY-----\nMIIEowIBAAKCAQEAzBI+Q46r0adm/fxfRTyyrQlbE0CjFFcyOXjoTz5WQpC1ERiq\n81+kpni6B6h45wQIU5/DfPn9dZkLeJYPLgg9EzUUNMmO5kj4eUMJpw0b5CHYyr4e\nMAbYcnrr8p3umfv2rMAeY0yz3QkDwp7u47XM7E+w5cAPJb34P/+Q/jayyApV7g7B\nk/0ZaYBuote90rK+JqNB2Q+I41CmIlAll9v7ukIzT44PpYT+jUjwC8cZ5AUKS48X\n9k8vMrW5spXiQ7lcAJOwzfUwipOpg9lZo0sMphOWdiRrPBe6wRFf9/Cz2prjO1gC\nxZiQkbgNkrVVtTToZJNkkqWzpiwVN5MVt2mbQQIDAQABAoIBACgSaQGREXIwwgub\ntAV/fsJ1tNmZ9qv211jrwgpVflDB45xA0MjLfiRmTnlUfrE2XIA3PgbbfAbMj7EV\nHlP2sC+GW7pl3dage5IsNMgFzfVFJDHjlT/vCC+qrYxNsN2x2WVgsFblZ+g+beuY\nk+ZI+71nhKAIz7CklgvTHmCc0wxuiVdebFmhf6Q4Ikin4jGzJpB9YlePuaU2j23c\nbHrJLjvQyJORPiba4XhlJbaCgOleaFrNvgjegIPXrir8Uh2y5NWaNwYSv1Rt2qLH\naRoS6/WdZ5oRApFUsX/0Cii3Gg4apWj5jaF+2GqmzoyDW61UFHWz0nCtRgS4Z912\nvcwSevECgYEA6qsSVXfqwD+om4Dxt8Gyp0M1fgrmeXJjiW7oqSb9MmWANsm2p+SI\nPHzZ0boZFn51+3kE61AryruIjI2SSW2VMJv4Lkl9Vm5tUduxxVrxre7IZwm6la1p\nuLTiBMldUA8JwnM2H+ufZLBtzcGDRlLsxe39HXdyWsxqDRAujqfJvkUCgYEA3p8n\nZXHK6G/PdbNFgw+Z2vBR/3b9LDooR8KgCNHp9z5gyFZNIuIWl6Cf2oLuD0FeFmCh\nwCREgZoBO6cuvg4y61krCye2d2YHIR5BzN4uUkW3+XcGI5Hqw40y3/2slCFo/n6C\njYzhH2/qrjIdbXFx5MzL8hMcI2Yc4+6G79cGJs0CgYADxiiPU1RlLyDpD1PT3rue\n0QflNQur3FkZdr0rK0NbMiKzvt6/KH/AaUmfg9yvbe071CBuIGXz5rw1dnlp0Odb\nVsbRB8GKSFBdxqi/Qc0tPO/gKFnl2loe7FnONebYSMWhaPTv4nw3xFafvoL7+I1y\nSXeOp8MhDrSN7TqydKRb+QKBgFm5r7k1SeCw397CaGvQZ+RUI9hg7t1ae02g5bto\nT3I1E/Dqx6Adm5l1RbheOPCxGejO/aJhe7L4jTKryS0Ur/UnNTADy4kH+Cui9EZL\n7kN+kg3bqP/BGevDBxQ8O8hgRt77wkam1z1CcEXRMQchSBQ9bp2ckiS6TT6Yro4Q\nDgypAoGBAIBkFdlJra/SRwI5+ohiuS1sRg+eaSTss5pqpaKv50J9HClehjt11IlL\n5ypE/T9IoSaEe1ILjOxaln9KS9NEOBOJycEDHBvhjtS1rlJAGmPbViglD/jq0X0e\nkpWTWhlsPU+FBfh/B6Z2QYDwuvb/lEnOHPVKuBNfzId2uCZLUey/\n-----END RSA PRIVATE KEY-----\n",
            "private_key_pem_pkcs8": "-----BEGIN PRIVATE KEY-----\nMIIEvQIBADANBgkqhkiG9w0BAQEFAASCBKcwggSjAgEAAoIBAQDMEj5DjqvRp2b9\n/F9FPLKtCVsTQKMUVzI5eOhPPlZCkLURGKrzX6SmeLoHqHjnBAhTn8N8+f11mQt4\nlg8uCD0TNRQ0yY7mSPh5QwmnDRvkIdjKvh4wBthyeuvyne6Z+/aswB5jTLPdCQPC\nnu7jtczsT7DlwA8lvfg//5D+NrLIClXuDsGT/RlpgG6i173Ssr4mo0HZD4jjUKYi\nUCWX2/u6QjNPjg+lhP6NSPALxxnkBQpLjxf2Ty8ytbmyleJDuVwAk7DN9TCKk6mD\n2VmjSwymE5Z2JGs8F7rBEV/38LPamuM7WALFmJCRuA2StVW1NOhkk2SSpbOmLBU3\nkxW3aZtBAgMBAAECggEAKBJpAZERcjDCC5u0BX9+wnW02Zn2q/bXWOvCClV+UMHj\nnEDQyMt+JGZOeVR+sTZcgDc+Btt8BsyPsRUeU/awL4ZbumXd1qB7kiw0yAXN9UUk\nMeOVP+8IL6qtjE2w3bHZZWCwVuVn6D5t65iT5kj7vWeEoAjPsKSWC9MeYJzTDG6J\nV15sWaF/pDgiSKfiMbMmkH1iV4+5pTaPbdxseskuO9DIk5E+JtrheGUltoKA6V5o\nWs2+CN6Ag9euKvxSHbLk1Zo3BhK/VG3aosdpGhLr9Z1nmhECkVSxf/QKKLcaDhql\naPmNoX7YaqbOjINbrVQUdbPScK1GBLhn3Xa9zBJ68QKBgQDqqxJVd+rAP6ibgPG3\nwbKnQzV+CuZ5cmOJbuipJv0yZYA2yban5Ig8fNnRuhkWfnX7eQTrUCvKu4iMjZJJ\nbZUwm/guSX1Wbm1R27HFWvGt7shnCbqVrWm4tOIEyV1QDwnCczYf659ksG3NwYNG\nUuzF7f0dd3JazGoNEC6Op8m+RQKBgQDenydlccrob891s0WDD5na8FH/dv0sOihH\nwqAI0en3PmDIVk0i4haXoJ/agu4PQV4WYKHAJESBmgE7py6+DjLrWSsLJ7Z3Zgch\nHkHM3i5SRbf5dwYjkerDjTLf/ayUIWj+foKNjOEfb+quMh1tcXHkzMvyExwjZhzj\n7obv1wYmzQKBgAPGKI9TVGUvIOkPU9Peu57RB+U1C6vcWRl2vSsrQ1syIrO+3r8o\nf8BpSZ+D3K9t7TvUIG4gZfPmvDV2eWnQ51tWxtEHwYpIUF3GqL9BzS087+AoWeXa\nWh7sWc415thIxaFo9O/ifDfEVp++gvv4jXJJd46nwyEOtI3tOrJ0pFv5AoGAWbmv\nuTVJ4LDf3sJoa9Bn5FQj2GDu3Vp7TaDlu2hPcjUT8OrHoB2bmXVFuF448LEZ6M79\nomF7sviNMqvJLRSv9Sc1MAPLiQf4K6L0RkvuQ36SDduo/8EZ68MHFDw7yGBG3vvC\nRqbXPUJwRdExByFIFD1unZySJLpNPpiujhAODKkCgYEAgGQV2Umtr9JHAjn6iGK5\nLWxGD55pJOyzmmqloq/nQn0cKV6GO3XUiUvnKkT9P0ihJoR7UguM7FqWf0pL00Q4\nE4nJwQMcG+GO1LWuUkAaY9tWKCUP+OrRfR6SlZNaGWw9T4UF+H8HpnZBgPC69v+U\nSc4c9Uq4E1/Mh3a4JktR7L8=\n-----END PRIVATE KEY-----\n",
            "public_key_fingerprint_md5": "19:a2:07:84:d7:3b:9a:74:19:26:69:f2:3b:2c:3d:f1",
            "public_key_fingerprint_sha256": "SHA256:eW0Bb5d7+1DufJmKTQrFZYY4qOWlpBxrmHeCRq7kpPI",
            "public_key_openssh": "ssh-rsa AAAAB3NzaC1yc2EAAAADAQABAAABAQDMEj5DjqvRp2b9/F9FPLKtCVsTQKMUVzI5eOhPPlZCkLURGKrzX6SmeLoHqHjnBAhTn8N8+f11mQt4lg8uCD0TNRQ0yY7mSPh5QwmnDRvkIdjKvh4wBthyeuvyne6Z+/aswB5jTLPdCQPCnu7jtczsT7DlwA8lvfg//5D+NrLIClXuDsGT/RlpgG6i173Ssr4mo0HZD4jjUKYiUCWX2/u6QjNPjg+lhP6NSPALxxnkBQpLjxf2Ty8ytbmyleJDuVwAk7DN9TCKk6mD2VmjSwymE5Z2JGs8F7rBEV/38LPamuM7WALFmJCRuA2StVW1NOhkk2SSpbOmLBU3kxW3aZtB\n",
            "public_key_pem": "-----BEGIN PUBLIC KEY-----\nMIIBIjANBgkqhkiG9w0BAQEFAAOCAQ8AMIIBCgKCAQEAzBI+Q46r0adm/fxfRTyy\nrQlbE0CjFFcyOXjoTz5WQpC1ERiq81+kpni6B6h45wQIU5/DfPn9dZkLeJYPLgg9\nEzUUNMmO5kj4eUMJpw0b5CHYyr4eMAbYcnrr8p3umfv2rMAeY0yz3QkDwp7u47XM\n7E+w5cAPJb34P/+Q/jayyApV7g7Bk/0ZaYBuote90rK+JqNB2Q+I41CmIlAll9v7\nukIzT44PpYT+jUjwC8cZ5AUKS48X9k8vMrW5spXiQ7lcAJOwzfUwipOpg9lZo0sM\nphOWdiRrPBe6wRFf9/Cz2prjO1gCxZiQkbgNkrVVtTToZJNkkqWzpiwVN5MVt2mb\nQQIDAQAB\n-----END PUBLIC KEY-----\n",
            "rsa_bits": 2048
          },
          "sensitive_attributes": []
        }
      ]
    }
  ],
  "check_results": []
}
