{
  "version": 4,
  "terraform_version": "1.3.1",
  "serial": 321,
  "lineage": "f1caa79f-622c-f7fd-fd98-411cc51d4dfa",
  "outputs": {
    "instance_id": {
      "value": "i-0f0d919a42aff66ef",
      "type": "string"
    },
    "instance_name": {
      "value": "workshop_key_pair_ec2",
      "type": "string"
    },
    "instance_private_ip": {
      "value": "Private IP address of public_instance : 10.1.2.82",
      "type": "string"
    },
    "instance_public_ip": {
      "value": "Private IP address of public_instance : 10.1.1.167",
      "type": "string"
    },
    "rds_endpoint": {
      "value": "terraform-20221007005155854300000001.cswn6naz8dnp.us-east-2.rds.amazonaws.com:3306",
      "type": "string"
    }
  },
  "resources": [
    {
      "mode": "data",
      "type": "aws_availability_zones",
      "name": "available",
      "provider": "provider[\"registry.terraform.io/hashicorp/aws\"]",
      "instances": [
        {
          "schema_version": 0,
          "attributes": {
            "all_availability_zones": null,
            "exclude_names": null,
            "exclude_zone_ids": null,
            "filter": null,
            "group_names": [
              "us-east-2"
            ],
            "id": "us-east-2",
            "names": [
              "us-east-2a",
              "us-east-2b",
              "us-east-2c"
            ],
            "state": null,
            "timeouts": null,
            "zone_ids": [
              "use2-az1",
              "use2-az2",
              "use2-az3"
            ]
          },
          "sensitive_attributes": []
        }
      ]
    },
    {
      "mode": "managed",
      "type": "aws_db_instance",
      "name": "rds_joseph",
      "provider": "provider[\"registry.terraform.io/hashicorp/aws\"]",
      "instances": [
        {
          "schema_version": 1,
          "attributes": {
            "address": "terraform-20221007005155854300000001.cswn6naz8dnp.us-east-2.rds.amazonaws.com",
            "allocated_storage": 20,
            "allow_major_version_upgrade": null,
            "apply_immediately": true,
            "arn": "arn:aws:rds:us-east-2:840021737375:db:terraform-20221007005155854300000001",
            "auto_minor_version_upgrade": true,
            "availability_zone": "us-east-2b",
            "backup_retention_period": 1,
            "backup_window": "03:00-06:00",
            "ca_cert_identifier": "rds-ca-2019",
            "character_set_name": "",
            "copy_tags_to_snapshot": false,
            "custom_iam_instance_profile": "",
            "customer_owned_ip_enabled": false,
            "db_name": "master",
            "db_subnet_group_name": "rds-group",
            "delete_automated_backups": true,
            "deletion_protection": false,
            "domain": "",
            "domain_iam_role_name": "",
            "enabled_cloudwatch_logs_exports": null,
            "endpoint": "terraform-20221007005155854300000001.cswn6naz8dnp.us-east-2.rds.amazonaws.com:3306",
            "engine": "mysql",
            "engine_version": "8.0.28",
            "engine_version_actual": "8.0.28",
            "final_snapshot_identifier": null,
            "hosted_zone_id": "Z2XHWR1WZ565X2",
            "iam_database_authentication_enabled": false,
            "id": "terraform-20221007005155854300000001",
            "identifier": "terraform-20221007005155854300000001",
            "identifier_prefix": "terraform-",
            "instance_class": "db.t3.micro",
            "iops": 0,
            "kms_key_id": "arn:aws:kms:us-east-2:840021737375:key/fae8e505-e65e-406f-8c25-8843f2060e3b",
            "latest_restorable_time": "2022-10-07T00:56:46Z",
            "license_model": "general-public-license",
            "maintenance_window": "mon:00:00-mon:03:00",
            "max_allocated_storage": 0,
            "monitoring_interval": 0,
            "monitoring_role_arn": "",
            "multi_az": false,
            "name": "master",
            "nchar_character_set_name": "",
            "network_type": "IPV4",
            "option_group_name": "default:mysql-8-0",
            "parameter_group_name": "default.mysql8.0",
            "password": "lab-rds-master",
            "performance_insights_enabled": false,
            "performance_insights_kms_key_id": "",
            "performance_insights_retention_period": 0,
            "port": 3306,
            "publicly_accessible": false,
            "replica_mode": "",
            "replicas": [],
            "replicate_source_db": "",
            "resource_id": "db-KYIS5GULIC5DOLZ2MLB65FR5YY",
            "restore_to_point_in_time": [],
            "s3_import": [],
            "security_group_names": null,
            "skip_final_snapshot": true,
            "snapshot_identifier": null,
            "status": "available",
            "storage_encrypted": true,
            "storage_type": "gp2",
            "tags": {
              "Name": "BD workshop"
            },
            "tags_all": {
              "Name": "BD workshop"
            },
            "timeouts": null,
            "timezone": "",
            "username": "main",
            "vpc_security_group_ids": [
              "sg-09134ade3e2f2f0af"
            ]
          },
          "sensitive_attributes": [
            [
              {
                "type": "get_attr",
                "value": "password"
              }
            ],
            [
              {
                "type": "get_attr",
                "value": "username"
              }
            ]
          ],
          "private": "eyJlMmJmYjczMC1lY2FhLTExZTYtOGY4OC0zNDM2M2JjN2M0YzAiOnsiY3JlYXRlIjoyNDAwMDAwMDAwMDAwLCJkZWxldGUiOjM2MDAwMDAwMDAwMDAsInVwZGF0ZSI6NDgwMDAwMDAwMDAwMH0sInNjaGVtYV92ZXJzaW9uIjoiMSJ9",
          "dependencies": [
            "aws_db_subnet_group.subnet_group_joseph",
            "aws_kms_key.bd_key",
            "aws_secretsmanager_secret.secret_master_bd_final",
            "aws_secretsmanager_secret_version.access",
            "aws_security_group.joseph_rojas_private_security_group",
            "aws_security_group.joseph_rojas_public_security_group",
            "aws_security_group.joseph_rojas_rds_security_group",
            "aws_subnet.privatesubnet_db_1",
            "aws_subnet.privatesubnet_db_2",
            "aws_vpc.main_vpc",
            "data.aws_availability_zones.available"
          ]
        }
      ]
    },
    {
      "mode": "managed",
      "type": "aws_db_instance",
      "name": "rds_read_replica",
      "provider": "provider[\"registry.terraform.io/hashicorp/aws\"]",
      "instances": [
        {
          "schema_version": 1,
          "attributes": {
            "address": "terraform-20221007010101877300000002.cswn6naz8dnp.us-east-2.rds.amazonaws.com",
            "allocated_storage": 20,
            "allow_major_version_upgrade": null,
            "apply_immediately": true,
            "arn": "arn:aws:rds:us-east-2:840021737375:db:terraform-20221007010101877300000002",
            "auto_minor_version_upgrade": true,
            "availability_zone": "us-east-2c",
            "backup_retention_period": 0,
            "backup_window": "03:00-06:00",
            "ca_cert_identifier": "rds-ca-2019",
            "character_set_name": "",
            "copy_tags_to_snapshot": false,
            "custom_iam_instance_profile": "",
            "customer_owned_ip_enabled": false,
            "db_name": "master",
            "db_subnet_group_name": "rds-group",
            "delete_automated_backups": true,
            "deletion_protection": false,
            "domain": "",
            "domain_iam_role_name": "",
            "enabled_cloudwatch_logs_exports": null,
            "endpoint": "terraform-20221007010101877300000002.cswn6naz8dnp.us-east-2.rds.amazonaws.com:3306",
            "engine": "mysql",
            "engine_version": "8.0.28",
            "engine_version_actual": "8.0.28",
            "final_snapshot_identifier": null,
            "hosted_zone_id": "Z2XHWR1WZ565X2",
            "iam_database_authentication_enabled": false,
            "id": "terraform-20221007010101877300000002",
            "identifier": "terraform-20221007010101877300000002",
            "identifier_prefix": "terraform-",
            "instance_class": "db.t3.micro",
            "iops": 0,
            "kms_key_id": "arn:aws:kms:us-east-2:840021737375:key/fae8e505-e65e-406f-8c25-8843f2060e3b",
            "latest_restorable_time": "",
            "license_model": "general-public-license",
            "maintenance_window": "mon:00:00-mon:03:00",
            "max_allocated_storage": 0,
            "monitoring_interval": 0,
            "monitoring_role_arn": "",
            "multi_az": false,
            "name": "master",
            "nchar_character_set_name": "",
            "network_type": "IPV4",
            "option_group_name": "default:mysql-8-0",
            "parameter_group_name": "default.mysql8.0",
            "password": null,
            "performance_insights_enabled": false,
            "performance_insights_kms_key_id": "",
            "performance_insights_retention_period": 0,
            "port": 3306,
            "publicly_accessible": false,
            "replica_mode": "",
            "replicas": [],
            "replicate_source_db": "terraform-20221007005155854300000001",
            "resource_id": "db-FSUDVPAVYSNN56UVJUHGELE7FU",
            "restore_to_point_in_time": [],
            "s3_import": [],
            "security_group_names": null,
            "skip_final_snapshot": true,
            "snapshot_identifier": null,
            "status": "available",
            "storage_encrypted": true,
            "storage_type": "gp2",
            "tags": {
              "Name": "BD replica"
            },
            "tags_all": {
              "Name": "BD replica"
            },
            "timeouts": null,
            "timezone": "",
            "username": "main",
            "vpc_security_group_ids": [
              "sg-09134ade3e2f2f0af"
            ]
          },
          "sensitive_attributes": [],
          "private": "eyJlMmJmYjczMC1lY2FhLTExZTYtOGY4OC0zNDM2M2JjN2M0YzAiOnsiY3JlYXRlIjoyNDAwMDAwMDAwMDAwLCJkZWxldGUiOjM2MDAwMDAwMDAwMDAsInVwZGF0ZSI6NDgwMDAwMDAwMDAwMH0sInNjaGVtYV92ZXJzaW9uIjoiMSJ9",
          "dependencies": [
            "aws_db_instance.rds_joseph",
            "aws_db_subnet_group.subnet_group_joseph",
            "aws_kms_key.bd_key",
            "aws_secretsmanager_secret.secret_master_bd_final",
            "aws_secretsmanager_secret_version.access",
            "aws_security_group.joseph_rojas_private_security_group",
            "aws_security_group.joseph_rojas_public_security_group",
            "aws_security_group.joseph_rojas_rds_security_group",
            "aws_subnet.privatesubnet_db_1",
            "aws_subnet.privatesubnet_db_2",
            "aws_vpc.main_vpc",
            "data.aws_availability_zones.available"
          ]
        }
      ]
    },
    {
      "mode": "managed",
      "type": "aws_db_subnet_group",
      "name": "subnet_group_joseph",
      "provider": "provider[\"registry.terraform.io/hashicorp/aws\"]",
      "instances": [
        {
          "schema_version": 0,
          "attributes": {
            "arn": "arn:aws:rds:us-east-2:840021737375:subgrp:rds-group",
            "description": "Managed by Terraform",
            "id": "rds-group",
            "name": "rds-group",
            "name_prefix": "",
            "subnet_ids": [
              "subnet-023c036aeaef3c84e",
              "subnet-0d227736badebb550"
            ],
            "supported_network_types": [
              "IPV4"
            ],
            "tags": {
              "Name": "rds-group"
            },
            "tags_all": {
              "Name": "rds-group"
            }
          },
          "sensitive_attributes": [],
          "private": "bnVsbA==",
          "dependencies": [
            "aws_subnet.privatesubnet_db_1",
            "aws_subnet.privatesubnet_db_2",
            "aws_vpc.main_vpc",
            "data.aws_availability_zones.available"
          ]
        }
      ]
    },
    {
      "mode": "managed",
      "type": "aws_eip",
      "name": "ipNTG",
      "provider": "provider[\"registry.terraform.io/hashicorp/aws\"]",
      "instances": [
        {
          "schema_version": 0,
          "attributes": {
            "address": null,
            "allocation_id": "eipalloc-0c76c24149facee9b",
            "associate_with_private_ip": null,
            "association_id": "eipassoc-0c87943b31bedd2b2",
            "carrier_ip": "",
            "customer_owned_ip": "",
            "customer_owned_ipv4_pool": "",
            "domain": "vpc",
            "id": "eipalloc-0c76c24149facee9b",
            "instance": "",
            "network_border_group": "us-east-2",
            "network_interface": "eni-0a8667c88605dd1f3",
            "private_dns": "ip-10-1-1-177.us-east-2.compute.internal",
            "private_ip": "10.1.1.177",
            "public_dns": "ec2-18-219-75-38.us-east-2.compute.amazonaws.com",
            "public_ip": "18.219.75.38",
            "public_ipv4_pool": "amazon",
            "tags": {},
            "tags_all": {},
            "timeouts": null,
            "vpc": true
          },
          "sensitive_attributes": [],
          "private": "eyJlMmJmYjczMC1lY2FhLTExZTYtOGY4OC0zNDM2M2JjN2M0YzAiOnsiZGVsZXRlIjoxODAwMDAwMDAwMDAsInJlYWQiOjkwMDAwMDAwMDAwMCwidXBkYXRlIjozMDAwMDAwMDAwMDB9fQ=="
        }
      ]
    },
    {
      "mode": "managed",
      "type": "aws_instance",
      "name": "private_instance",
      "provider": "provider[\"registry.terraform.io/hashicorp/aws\"]",
      "instances": [
        {
          "schema_version": 1,
          "attributes": {
            "ami": "ami-0568773882d492fc8",
            "arn": "arn:aws:ec2:us-east-2:840021737375:instance/i-0cdd9f2f1c621dfd8",
            "associate_public_ip_address": false,
            "availability_zone": "us-east-2c",
            "capacity_reservation_specification": [
              {
                "capacity_reservation_preference": "open",
                "capacity_reservation_target": []
              }
            ],
            "cpu_core_count": 1,
            "cpu_threads_per_core": 1,
            "credit_specification": [
              {
                "cpu_credits": "standard"
              }
            ],
            "disable_api_stop": false,
            "disable_api_termination": false,
            "ebs_block_device": [],
            "ebs_optimized": false,
            "enclave_options": [
              {
                "enabled": false
              }
            ],
            "ephemeral_block_device": [],
            "get_password_data": false,
            "hibernation": false,
            "host_id": null,
            "host_resource_group_arn": null,
            "iam_instance_profile": "",
            "id": "i-0cdd9f2f1c621dfd8",
            "instance_initiated_shutdown_behavior": "stop",
            "instance_state": "running",
            "instance_type": "t2.micro",
            "ipv6_address_count": 0,
            "ipv6_addresses": [],
            "key_name": "workshop_key_pair_ec2",
            "launch_template": [],
            "maintenance_options": [
              {
                "auto_recovery": "default"
              }
            ],
            "metadata_options": [
              {
                "http_endpoint": "enabled",
                "http_put_response_hop_limit": 1,
                "http_tokens": "optional",
                "instance_metadata_tags": "disabled"
              }
            ],
            "monitoring": false,
            "network_interface": [],
            "outpost_arn": "",
            "password_data": "",
            "placement_group": "",
            "placement_partition_number": null,
            "primary_network_interface_id": "eni-0d4c1ff44a9399d67",
            "private_dns": "ip-10-1-2-82.us-east-2.compute.internal",
            "private_dns_name_options": [
              {
                "enable_resource_name_dns_a_record": false,
                "enable_resource_name_dns_aaaa_record": false,
                "hostname_type": "ip-name"
              }
            ],
            "private_ip": "10.1.2.82",
            "public_dns": "",
            "public_ip": "",
            "root_block_device": [
              {
                "delete_on_termination": true,
                "device_name": "/dev/xvda",
                "encrypted": false,
                "iops": 100,
                "kms_key_id": "",
                "tags": {},
                "throughput": 0,
                "volume_id": "vol-07920ef369df0ebb8",
                "volume_size": 8,
                "volume_type": "gp2"
              }
            ],
            "secondary_private_ips": [],
            "security_groups": [],
            "source_dest_check": true,
            "subnet_id": "subnet-0f230f71e728dca0d",
            "tags": {
              "Name": "private_instance"
            },
            "tags_all": {
              "Name": "private_instance"
            },
            "tenancy": "default",
            "timeouts": null,
            "user_data": "7ecb995ed48fdf5f9e98b4bd17a26f174b09731b",
            "user_data_base64": null,
            "user_data_replace_on_change": false,
            "volume_tags": null,
            "vpc_security_group_ids": [
              "sg-08611d94d9dcf01e5"
            ]
          },
          "sensitive_attributes": [],
          "private": "eyJlMmJmYjczMC1lY2FhLTExZTYtOGY4OC0zNDM2M2JjN2M0YzAiOnsiY3JlYXRlIjo2MDAwMDAwMDAwMDAsImRlbGV0ZSI6MTIwMDAwMDAwMDAwMCwidXBkYXRlIjo2MDAwMDAwMDAwMDB9LCJzY2hlbWFfdmVyc2lvbiI6IjEifQ==",
          "dependencies": [
            "aws_db_instance.rds_joseph",
            "aws_db_subnet_group.subnet_group_joseph",
            "aws_key_pair.workshop_key_pair",
            "aws_kms_key.bd_key",
            "aws_secretsmanager_secret.secret_master_bd_final",
            "aws_secretsmanager_secret_version.access",
            "aws_security_group.joseph_rojas_private_security_group",
            "aws_security_group.joseph_rojas_public_security_group",
            "aws_security_group.joseph_rojas_rds_security_group",
            "aws_subnet.privatesubnet_db_1",
            "aws_subnet.privatesubnet_db_2",
            "aws_subnet.privatesubnets",
            "aws_vpc.main_vpc",
            "data.aws_availability_zones.available",
            "tls_private_key.wkp"
          ]
        }
      ]
    },
    {
      "mode": "managed",
      "type": "aws_instance",
      "name": "public_instance",
      "provider": "provider[\"registry.terraform.io/hashicorp/aws\"]",
      "instances": [
        {
          "schema_version": 1,
          "attributes": {
            "ami": "ami-0568773882d492fc8",
            "arn": "arn:aws:ec2:us-east-2:840021737375:instance/i-0f0d919a42aff66ef",
            "associate_public_ip_address": true,
            "availability_zone": "us-east-2a",
            "capacity_reservation_specification": [
              {
                "capacity_reservation_preference": "open",
                "capacity_reservation_target": []
              }
            ],
            "cpu_core_count": 1,
            "cpu_threads_per_core": 1,
            "credit_specification": [
              {
                "cpu_credits": "standard"
              }
            ],
            "disable_api_stop": false,
            "disable_api_termination": false,
            "ebs_block_device": [],
            "ebs_optimized": false,
            "enclave_options": [
              {
                "enabled": false
              }
            ],
            "ephemeral_block_device": [],
            "get_password_data": false,
            "hibernation": false,
            "host_id": null,
            "host_resource_group_arn": null,
            "iam_instance_profile": "",
            "id": "i-0f0d919a42aff66ef",
            "instance_initiated_shutdown_behavior": "stop",
            "instance_state": "running",
            "instance_type": "t2.micro",
            "ipv6_address_count": 0,
            "ipv6_addresses": [],
            "key_name": "workshop_key_pair_ec2",
            "launch_template": [],
            "maintenance_options": [
              {
                "auto_recovery": "default"
              }
            ],
            "metadata_options": [
              {
                "http_endpoint": "enabled",
                "http_put_response_hop_limit": 1,
                "http_tokens": "optional",
                "instance_metadata_tags": "disabled"
              }
            ],
            "monitoring": false,
            "network_interface": [],
            "outpost_arn": "",
            "password_data": "",
            "placement_group": "",
            "placement_partition_number": null,
            "primary_network_interface_id": "eni-0ff1947e3300427bb",
            "private_dns": "ip-10-1-1-167.us-east-2.compute.internal",
            "private_dns_name_options": [
              {
                "enable_resource_name_dns_a_record": false,
                "enable_resource_name_dns_aaaa_record": false,
                "hostname_type": "ip-name"
              }
            ],
            "private_ip": "10.1.1.167",
            "public_dns": "",
            "public_ip": "3.145.84.238",
            "root_block_device": [
              {
                "delete_on_termination": true,
                "device_name": "/dev/xvda",
                "encrypted": false,
                "iops": 100,
                "kms_key_id": "",
                "tags": {},
                "throughput": 0,
                "volume_id": "vol-04ac9c02014733ce3",
                "volume_size": 8,
                "volume_type": "gp2"
              }
            ],
            "secondary_private_ips": [],
            "security_groups": [],
            "source_dest_check": true,
            "subnet_id": "subnet-0bac4f85ed87eb378",
            "tags": {
              "Name": "public_instance"
            },
            "tags_all": {
              "Name": "public_instance"
            },
            "tenancy": "default",
            "timeouts": null,
            "user_data": "7ecb995ed48fdf5f9e98b4bd17a26f174b09731b",
            "user_data_base64": null,
            "user_data_replace_on_change": false,
            "volume_tags": null,
            "vpc_security_group_ids": [
              "sg-0383bcd3f550bf13c"
            ]
          },
          "sensitive_attributes": [],
          "private": "eyJlMmJmYjczMC1lY2FhLTExZTYtOGY4OC0zNDM2M2JjN2M0YzAiOnsiY3JlYXRlIjo2MDAwMDAwMDAwMDAsImRlbGV0ZSI6MTIwMDAwMDAwMDAwMCwidXBkYXRlIjo2MDAwMDAwMDAwMDB9LCJzY2hlbWFfdmVyc2lvbiI6IjEifQ==",
          "dependencies": [
            "aws_key_pair.workshop_key_pair",
            "aws_security_group.joseph_rojas_public_security_group",
            "aws_subnet.publicsubnets",
            "aws_vpc.main_vpc",
            "tls_private_key.wkp"
          ]
        }
      ]
    },
    {
      "mode": "managed",
      "type": "aws_internet_gateway",
      "name": "IGW",
      "provider": "provider[\"registry.terraform.io/hashicorp/aws\"]",
      "instances": [
        {
          "schema_version": 0,
          "attributes": {
            "arn": "arn:aws:ec2:us-east-2:840021737375:internet-gateway/igw-0008ade801f1cb3f3",
            "id": "igw-0008ade801f1cb3f3",
            "owner_id": "840021737375",
            "tags": {
              "Name": "name_IGW"
            },
            "tags_all": {
              "Name": "name_IGW"
            },
            "timeouts": null,
            "vpc_id": "vpc-04dcb067640526997"
          },
          "sensitive_attributes": [],
          "private": "eyJlMmJmYjczMC1lY2FhLTExZTYtOGY4OC0zNDM2M2JjN2M0YzAiOnsiY3JlYXRlIjoxMjAwMDAwMDAwMDAwLCJkZWxldGUiOjEyMDAwMDAwMDAwMDAsInVwZGF0ZSI6MTIwMDAwMDAwMDAwMH19",
          "dependencies": [
            "aws_vpc.main_vpc"
          ]
        }
      ]
    },
    {
      "mode": "managed",
      "type": "aws_key_pair",
      "name": "workshop_key_pair",
      "provider": "provider[\"registry.terraform.io/hashicorp/aws\"]",
      "instances": [
        {
          "schema_version": 1,
          "attributes": {
            "arn": "arn:aws:ec2:us-east-2:840021737375:key-pair/workshop_key_pair_ec2",
            "fingerprint": "82:54:03:1f:5f:ce:38:6a:64:63:c2:20:66:55:82:9e",
            "id": "workshop_key_pair_ec2",
            "key_name": "workshop_key_pair_ec2",
            "key_name_prefix": "",
            "key_pair_id": "key-07bbd4e508cd8c2d3",
            "key_type": "rsa",
            "public_key": "ssh-rsa AAAAB3NzaC1yc2EAAAADAQABAAABAQDM8yi9/YTEstw9siLLYn9qtX2z7sI9hKZetV5cYAogjab+nb4ZV2z3Unf23gexBLVkW8IzzWcfy/geCrF+DWbJ/5atUcg3x5icbCU/s90A5hDuqgqLnGt5XuzR4C7iIaaA4LuWptiXp/bH9wZl8yoWwgGcv7YsjPrme7sZC4B8/NDKLJ1sgZ365ryzTIG8JcW6xbJLeCkDS/un4wRGNjttxgPFx3YK6GR1g5m1DsLeNnQs/ofqYOttijhQGYMpq1k376lO7YfRLEINNuekbzq8nhMCEJUF4NpbQszzaNjDiCVCQbriL4dHAdtL6qyXoevbq4bT0sS7GPAczKim+I+d",
            "tags": {
              "Name": "key_pair_joseph_rojas_ec2"
            },
            "tags_all": {
              "Name": "key_pair_joseph_rojas_ec2"
            }
          },
          "sensitive_attributes": [],
          "private": "eyJzY2hlbWFfdmVyc2lvbiI6IjEifQ==",
          "dependencies": [
            "tls_private_key.wkp"
          ]
        }
      ]
    },
    {
      "mode": "managed",
      "type": "aws_kms_key",
      "name": "bd_key",
      "provider": "provider[\"registry.terraform.io/hashicorp/aws\"]",
      "instances": [
        {
          "schema_version": 0,
          "attributes": {
            "arn": "arn:aws:kms:us-east-2:840021737375:key/fae8e505-e65e-406f-8c25-8843f2060e3b",
            "bypass_policy_lockout_safety_check": false,
            "customer_master_key_spec": "SYMMETRIC_DEFAULT",
            "deletion_window_in_days": null,
            "description": "kms key for BD",
            "enable_key_rotation": false,
            "id": "fae8e505-e65e-406f-8c25-8843f2060e3b",
            "is_enabled": true,
            "key_id": "fae8e505-e65e-406f-8c25-8843f2060e3b",
            "key_usage": "ENCRYPT_DECRYPT",
            "multi_region": false,
            "policy": "{\"Id\":\"key-default-1\",\"Statement\":[{\"Action\":\"kms:*\",\"Effect\":\"Allow\",\"Principal\":{\"AWS\":\"arn:aws:iam::840021737375:root\"},\"Resource\":\"*\",\"Sid\":\"Enable IAM User Permissions\"}],\"Version\":\"2012-10-17\"}",
            "tags": {
              "Name": "joseph_rojas_kms_db"
            },
            "tags_all": {
              "Name": "joseph_rojas_kms_db"
            }
          },
          "sensitive_attributes": [],
          "private": "bnVsbA=="
        }
      ]
    },
    {
      "mode": "managed",
      "type": "aws_nat_gateway",
      "name": "NATgw",
      "provider": "provider[\"registry.terraform.io/hashicorp/aws\"]",
      "instances": [
        {
          "schema_version": 0,
          "attributes": {
            "allocation_id": "eipalloc-0c76c24149facee9b",
            "connectivity_type": "public",
            "id": "nat-057f9425de065e023",
            "network_interface_id": "eni-0a8667c88605dd1f3",
            "private_ip": "10.1.1.177",
            "public_ip": "18.219.75.38",
            "subnet_id": "subnet-0bac4f85ed87eb378",
            "tags": {},
            "tags_all": {}
          },
          "sensitive_attributes": [],
          "private": "bnVsbA==",
          "dependencies": [
            "aws_eip.ipNTG",
            "aws_subnet.publicsubnets",
            "aws_vpc.main_vpc"
          ]
        }
      ]
    },
    {
      "mode": "managed",
      "type": "aws_route_table",
      "name": "PrivateRT",
      "provider": "provider[\"registry.terraform.io/hashicorp/aws\"]",
      "instances": [
        {
          "schema_version": 0,
          "attributes": {
            "arn": "arn:aws:ec2:us-east-2:840021737375:route-table/rtb-05258efef78b839cd",
            "id": "rtb-05258efef78b839cd",
            "owner_id": "840021737375",
            "propagating_vgws": [],
            "route": [
              {
                "carrier_gateway_id": "",
                "cidr_block": "0.0.0.0/0",
                "core_network_arn": "",
                "destination_prefix_list_id": "",
                "egress_only_gateway_id": "",
                "gateway_id": "",
                "instance_id": "",
                "ipv6_cidr_block": "",
                "local_gateway_id": "",
                "nat_gateway_id": "nat-057f9425de065e023",
                "network_interface_id": "",
                "transit_gateway_id": "",
                "vpc_endpoint_id": "",
                "vpc_peering_connection_id": ""
              }
            ],
            "tags": {
              "Name": "name_private_route_table"
            },
            "tags_all": {
              "Name": "name_private_route_table"
            },
            "timeouts": null,
            "vpc_id": "vpc-04dcb067640526997"
          },
          "sensitive_attributes": [],
          "private": "eyJlMmJmYjczMC1lY2FhLTExZTYtOGY4OC0zNDM2M2JjN2M0YzAiOnsiY3JlYXRlIjozMDAwMDAwMDAwMDAsImRlbGV0ZSI6MzAwMDAwMDAwMDAwLCJ1cGRhdGUiOjEyMDAwMDAwMDAwMH19",
          "dependencies": [
            "aws_eip.ipNTG",
            "aws_nat_gateway.NATgw",
            "aws_subnet.publicsubnets",
            "aws_vpc.main_vpc"
          ]
        }
      ]
    },
    {
      "mode": "managed",
      "type": "aws_route_table",
      "name": "PublicRT",
      "provider": "provider[\"registry.terraform.io/hashicorp/aws\"]",
      "instances": [
        {
          "schema_version": 0,
          "attributes": {
            "arn": "arn:aws:ec2:us-east-2:840021737375:route-table/rtb-0f0774779e1ce890b",
            "id": "rtb-0f0774779e1ce890b",
            "owner_id": "840021737375",
            "propagating_vgws": [],
            "route": [
              {
                "carrier_gateway_id": "",
                "cidr_block": "0.0.0.0/0",
                "core_network_arn": "",
                "destination_prefix_list_id": "",
                "egress_only_gateway_id": "",
                "gateway_id": "igw-0008ade801f1cb3f3",
                "instance_id": "",
                "ipv6_cidr_block": "",
                "local_gateway_id": "",
                "nat_gateway_id": "",
                "network_interface_id": "",
                "transit_gateway_id": "",
                "vpc_endpoint_id": "",
                "vpc_peering_connection_id": ""
              }
            ],
            "tags": {
              "Name": "name_public_route_table"
            },
            "tags_all": {
              "Name": "name_public_route_table"
            },
            "timeouts": null,
            "vpc_id": "vpc-04dcb067640526997"
          },
          "sensitive_attributes": [],
          "private": "eyJlMmJmYjczMC1lY2FhLTExZTYtOGY4OC0zNDM2M2JjN2M0YzAiOnsiY3JlYXRlIjozMDAwMDAwMDAwMDAsImRlbGV0ZSI6MzAwMDAwMDAwMDAwLCJ1cGRhdGUiOjEyMDAwMDAwMDAwMH19",
          "dependencies": [
            "aws_internet_gateway.IGW",
            "aws_vpc.main_vpc"
          ]
        }
      ]
    },
    {
      "mode": "managed",
      "type": "aws_route_table_association",
      "name": "PrivateRTassociation",
      "provider": "provider[\"registry.terraform.io/hashicorp/aws\"]",
      "instances": [
        {
          "schema_version": 0,
          "attributes": {
            "gateway_id": "",
            "id": "rtbassoc-04cd7f7acc90a0f1d",
            "route_table_id": "rtb-05258efef78b839cd",
            "subnet_id": "subnet-0f230f71e728dca0d"
          },
          "sensitive_attributes": [],
          "private": "bnVsbA==",
          "dependencies": [
            "aws_eip.ipNTG",
            "aws_nat_gateway.NATgw",
            "aws_route_table.PrivateRT",
            "aws_subnet.privatesubnets",
            "aws_subnet.publicsubnets",
            "aws_vpc.main_vpc"
          ]
        }
      ]
    },
    {
      "mode": "managed",
      "type": "aws_route_table_association",
      "name": "PublicRTassociation",
      "provider": "provider[\"registry.terraform.io/hashicorp/aws\"]",
      "instances": [
        {
          "schema_version": 0,
          "attributes": {
            "gateway_id": "",
            "id": "rtbassoc-09956ab3cecc04f84",
            "route_table_id": "rtb-0f0774779e1ce890b",
            "subnet_id": "subnet-0bac4f85ed87eb378"
          },
          "sensitive_attributes": [],
          "private": "bnVsbA==",
          "dependencies": [
            "aws_internet_gateway.IGW",
            "aws_route_table.PublicRT",
            "aws_subnet.publicsubnets",
            "aws_vpc.main_vpc"
          ]
        }
      ]
    },
    {
      "mode": "managed",
      "type": "aws_secretsmanager_secret",
      "name": "secret_master_bd_final",
      "provider": "provider[\"registry.terraform.io/hashicorp/aws\"]",
      "instances": [
        {
          "schema_version": 0,
          "attributes": {
            "arn": "arn:aws:secretsmanager:us-east-2:840021737375:secret:master_access_key-qt32RD",
            "description": "",
            "force_overwrite_replica_secret": false,
            "id": "arn:aws:secretsmanager:us-east-2:840021737375:secret:master_access_key-qt32RD",
            "kms_key_id": "",
            "name": "master_access_key",
            "name_prefix": "",
            "policy": "",
            "recovery_window_in_days": 30,
            "replica": [],
            "rotation_enabled": false,
            "rotation_lambda_arn": "",
            "rotation_rules": [],
            "tags": null,
            "tags_all": {}
          },
          "sensitive_attributes": [],
          "private": "bnVsbA=="
        }
      ]
    },
    {
      "mode": "managed",
      "type": "aws_secretsmanager_secret_version",
      "name": "access",
      "provider": "provider[\"registry.terraform.io/hashicorp/aws\"]",
      "instances": [
        {
          "schema_version": 0,
          "attributes": {
            "arn": "arn:aws:secretsmanager:us-east-2:840021737375:secret:master_access_key-qt32RD",
            "id": "arn:aws:secretsmanager:us-east-2:840021737375:secret:master_access_key-qt32RD|2B68476F-B1F6-44D8-A227-105835DF4693",
            "secret_binary": "",
            "secret_id": "arn:aws:secretsmanager:us-east-2:840021737375:secret:master_access_key-qt32RD",
            "secret_string": "{\"password\":\"lab-rds-master\",\"username\":\"main\"}",
            "version_id": "2B68476F-B1F6-44D8-A227-105835DF4693",
            "version_stages": [
              "AWSCURRENT"
            ]
          },
          "sensitive_attributes": [
            [
              {
                "type": "get_attr",
                "value": "secret_string"
              }
            ]
          ],
          "private": "bnVsbA==",
          "dependencies": [
            "aws_secretsmanager_secret.secret_master_bd_final"
          ]
        }
      ]
    },
    {
      "mode": "managed",
      "type": "aws_security_group",
      "name": "joseph_rojas_private_security_group",
      "provider": "provider[\"registry.terraform.io/hashicorp/aws\"]",
      "instances": [
        {
          "schema_version": 1,
          "attributes": {
            "arn": "arn:aws:ec2:us-east-2:840021737375:security-group/sg-08611d94d9dcf01e5",
            "description": "Managed by Terraform",
            "egress": [
              {
                "cidr_blocks": [
                  "0.0.0.0/0"
                ],
                "description": "Outbound rule",
                "from_port": 0,
                "ipv6_cidr_blocks": [],
                "prefix_list_ids": [],
                "protocol": "-1",
                "security_groups": [],
                "self": false,
                "to_port": 0
              }
            ],
            "id": "sg-08611d94d9dcf01e5",
            "ingress": [
              {
                "cidr_blocks": [],
                "description": "TCP rule",
                "from_port": 22,
                "ipv6_cidr_blocks": [],
                "prefix_list_ids": [],
                "protocol": "tcp",
                "security_groups": [
                  "sg-0383bcd3f550bf13c"
                ],
                "self": false,
                "to_port": 22
              }
            ],
            "name": "sg_group_private_ec2",
            "name_prefix": "",
            "owner_id": "840021737375",
            "revoke_rules_on_delete": false,
            "tags": {
              "Name": "private_SG_ec2"
            },
            "tags_all": {
              "Name": "private_SG_ec2"
            },
            "timeouts": null,
            "vpc_id": "vpc-04dcb067640526997"
          },
          "sensitive_attributes": [],
          "private": "eyJlMmJmYjczMC1lY2FhLTExZTYtOGY4OC0zNDM2M2JjN2M0YzAiOnsiY3JlYXRlIjo2MDAwMDAwMDAwMDAsImRlbGV0ZSI6OTAwMDAwMDAwMDAwfSwic2NoZW1hX3ZlcnNpb24iOiIxIn0=",
          "dependencies": [
            "aws_security_group.joseph_rojas_public_security_group",
            "aws_vpc.main_vpc"
          ]
        }
      ]
    },
    {
      "mode": "managed",
      "type": "aws_security_group",
      "name": "joseph_rojas_public_security_group",
      "provider": "provider[\"registry.terraform.io/hashicorp/aws\"]",
      "instances": [
        {
          "schema_version": 1,
          "attributes": {
            "arn": "arn:aws:ec2:us-east-2:840021737375:security-group/sg-0383bcd3f550bf13c",
            "description": "Managed by Terraform",
            "egress": [
              {
                "cidr_blocks": [
                  "0.0.0.0/0"
                ],
                "description": "Outbound rule",
                "from_port": 0,
                "ipv6_cidr_blocks": [],
                "prefix_list_ids": [],
                "protocol": "-1",
                "security_groups": [],
                "self": false,
                "to_port": 0
              }
            ],
            "id": "sg-0383bcd3f550bf13c",
            "ingress": [
              {
                "cidr_blocks": [
                  "0.0.0.0/0"
                ],
                "description": "HTTP rule",
                "from_port": 80,
                "ipv6_cidr_blocks": [],
                "prefix_list_ids": [],
                "protocol": "tcp",
                "security_groups": [],
                "self": false,
                "to_port": 80
              },
              {
                "cidr_blocks": [
                  "0.0.0.0/0"
                ],
                "description": "TCP rule",
                "from_port": 22,
                "ipv6_cidr_blocks": [],
                "prefix_list_ids": [],
                "protocol": "tcp",
                "security_groups": [],
                "self": false,
                "to_port": 22
              }
            ],
            "name": "sg_group_public_ec2",
            "name_prefix": "",
            "owner_id": "840021737375",
            "revoke_rules_on_delete": false,
            "tags": {
              "Name": "public_SG_ec2"
            },
            "tags_all": {
              "Name": "public_SG_ec2"
            },
            "timeouts": null,
            "vpc_id": "vpc-04dcb067640526997"
          },
          "sensitive_attributes": [],
          "private": "eyJlMmJmYjczMC1lY2FhLTExZTYtOGY4OC0zNDM2M2JjN2M0YzAiOnsiY3JlYXRlIjo2MDAwMDAwMDAwMDAsImRlbGV0ZSI6OTAwMDAwMDAwMDAwfSwic2NoZW1hX3ZlcnNpb24iOiIxIn0=",
          "dependencies": [
            "aws_vpc.main_vpc"
          ]
        }
      ]
    },
    {
      "mode": "managed",
      "type": "aws_security_group",
      "name": "joseph_rojas_rds_security_group",
      "provider": "provider[\"registry.terraform.io/hashicorp/aws\"]",
      "instances": [
        {
          "schema_version": 1,
          "attributes": {
            "arn": "arn:aws:ec2:us-east-2:840021737375:security-group/sg-09134ade3e2f2f0af",
            "description": "Managed by Terraform",
            "egress": [
              {
                "cidr_blocks": [
                  "0.0.0.0/0"
                ],
                "description": "Outbound rule",
                "from_port": 0,
                "ipv6_cidr_blocks": [],
                "prefix_list_ids": [],
                "protocol": "-1",
                "security_groups": [],
                "self": false,
                "to_port": 0
              }
            ],
            "id": "sg-09134ade3e2f2f0af",
            "ingress": [
              {
                "cidr_blocks": [],
                "description": "TCP rule",
                "from_port": 3306,
                "ipv6_cidr_blocks": [],
                "prefix_list_ids": [],
                "protocol": "tcp",
                "security_groups": [
                  "sg-08611d94d9dcf01e5"
                ],
                "self": false,
                "to_port": 3306
              }
            ],
            "name": "sg_group_access_rds",
            "name_prefix": "",
            "owner_id": "840021737375",
            "revoke_rules_on_delete": false,
            "tags": {
              "Name": "private_SG_rds"
            },
            "tags_all": {
              "Name": "private_SG_rds"
            },
            "timeouts": null,
            "vpc_id": "vpc-04dcb067640526997"
          },
          "sensitive_attributes": [],
          "private": "eyJlMmJmYjczMC1lY2FhLTExZTYtOGY4OC0zNDM2M2JjN2M0YzAiOnsiY3JlYXRlIjo2MDAwMDAwMDAwMDAsImRlbGV0ZSI6OTAwMDAwMDAwMDAwfSwic2NoZW1hX3ZlcnNpb24iOiIxIn0=",
          "dependencies": [
            "aws_security_group.joseph_rojas_private_security_group",
            "aws_security_group.joseph_rojas_public_security_group",
            "aws_vpc.main_vpc"
          ]
        }
      ]
    },
    {
      "mode": "managed",
      "type": "aws_subnet",
      "name": "privatesubnet_db_1",
      "provider": "provider[\"registry.terraform.io/hashicorp/aws\"]",
      "instances": [
        {
          "schema_version": 1,
          "attributes": {
            "arn": "arn:aws:ec2:us-east-2:840021737375:subnet/subnet-0d227736badebb550",
            "assign_ipv6_address_on_creation": false,
            "availability_zone": "us-east-2b",
            "availability_zone_id": "use2-az2",
            "cidr_block": "10.1.3.0/24",
            "customer_owned_ipv4_pool": "",
            "enable_dns64": false,
            "enable_resource_name_dns_a_record_on_launch": false,
            "enable_resource_name_dns_aaaa_record_on_launch": false,
            "id": "subnet-0d227736badebb550",
            "ipv6_cidr_block": "",
            "ipv6_cidr_block_association_id": "",
            "ipv6_native": false,
            "map_customer_owned_ip_on_launch": false,
            "map_public_ip_on_launch": false,
            "outpost_arn": "",
            "owner_id": "840021737375",
            "private_dns_hostname_type_on_launch": "ip-name",
            "tags": {
              "Name": "joseph_rojas_rds_psn_1"
            },
            "tags_all": {
              "Name": "joseph_rojas_rds_psn_1"
            },
            "timeouts": null,
            "vpc_id": "vpc-04dcb067640526997"
          },
          "sensitive_attributes": [],
          "private": "eyJlMmJmYjczMC1lY2FhLTExZTYtOGY4OC0zNDM2M2JjN2M0YzAiOnsiY3JlYXRlIjo2MDAwMDAwMDAwMDAsImRlbGV0ZSI6MTIwMDAwMDAwMDAwMH0sInNjaGVtYV92ZXJzaW9uIjoiMSJ9",
          "dependencies": [
            "aws_vpc.main_vpc",
            "data.aws_availability_zones.available"
          ]
        }
      ]
    },
    {
      "mode": "managed",
      "type": "aws_subnet",
      "name": "privatesubnet_db_2",
      "provider": "provider[\"registry.terraform.io/hashicorp/aws\"]",
      "instances": [
        {
          "schema_version": 1,
          "attributes": {
            "arn": "arn:aws:ec2:us-east-2:840021737375:subnet/subnet-023c036aeaef3c84e",
            "assign_ipv6_address_on_creation": false,
            "availability_zone": "us-east-2c",
            "availability_zone_id": "use2-az3",
            "cidr_block": "10.1.4.0/24",
            "customer_owned_ipv4_pool": "",
            "enable_dns64": false,
            "enable_resource_name_dns_a_record_on_launch": false,
            "enable_resource_name_dns_aaaa_record_on_launch": false,
            "id": "subnet-023c036aeaef3c84e",
            "ipv6_cidr_block": "",
            "ipv6_cidr_block_association_id": "",
            "ipv6_native": false,
            "map_customer_owned_ip_on_launch": false,
            "map_public_ip_on_launch": false,
            "outpost_arn": "",
            "owner_id": "840021737375",
            "private_dns_hostname_type_on_launch": "ip-name",
            "tags": {
              "Name": "joseph_rojas_rds_psn_2"
            },
            "tags_all": {
              "Name": "joseph_rojas_rds_psn_2"
            },
            "timeouts": null,
            "vpc_id": "vpc-04dcb067640526997"
          },
          "sensitive_attributes": [],
          "private": "eyJlMmJmYjczMC1lY2FhLTExZTYtOGY4OC0zNDM2M2JjN2M0YzAiOnsiY3JlYXRlIjo2MDAwMDAwMDAwMDAsImRlbGV0ZSI6MTIwMDAwMDAwMDAwMH0sInNjaGVtYV92ZXJzaW9uIjoiMSJ9",
          "dependencies": [
            "aws_vpc.main_vpc",
            "data.aws_availability_zones.available"
          ]
        }
      ]
    },
    {
      "mode": "managed",
      "type": "aws_subnet",
      "name": "privatesubnets",
      "provider": "provider[\"registry.terraform.io/hashicorp/aws\"]",
      "instances": [
        {
          "schema_version": 1,
          "attributes": {
            "arn": "arn:aws:ec2:us-east-2:840021737375:subnet/subnet-0f230f71e728dca0d",
            "assign_ipv6_address_on_creation": false,
            "availability_zone": "us-east-2c",
            "availability_zone_id": "use2-az3",
            "cidr_block": "10.1.2.0/24",
            "customer_owned_ipv4_pool": "",
            "enable_dns64": false,
            "enable_resource_name_dns_a_record_on_launch": false,
            "enable_resource_name_dns_aaaa_record_on_launch": false,
            "id": "subnet-0f230f71e728dca0d",
            "ipv6_cidr_block": "",
            "ipv6_cidr_block_association_id": "",
            "ipv6_native": false,
            "map_customer_owned_ip_on_launch": false,
            "map_public_ip_on_launch": false,
            "outpost_arn": "",
            "owner_id": "840021737375",
            "private_dns_hostname_type_on_launch": "ip-name",
            "tags": {
              "Name": "name_private_subnet_ec2"
            },
            "tags_all": {
              "Name": "name_private_subnet_ec2"
            },
            "timeouts": null,
            "vpc_id": "vpc-04dcb067640526997"
          },
          "sensitive_attributes": [],
          "private": "eyJlMmJmYjczMC1lY2FhLTExZTYtOGY4OC0zNDM2M2JjN2M0YzAiOnsiY3JlYXRlIjo2MDAwMDAwMDAwMDAsImRlbGV0ZSI6MTIwMDAwMDAwMDAwMH0sInNjaGVtYV92ZXJzaW9uIjoiMSJ9",
          "dependencies": [
            "aws_vpc.main_vpc"
          ]
        }
      ]
    },
    {
      "mode": "managed",
      "type": "aws_subnet",
      "name": "publicsubnets",
      "provider": "provider[\"registry.terraform.io/hashicorp/aws\"]",
      "instances": [
        {
          "schema_version": 1,
          "attributes": {
            "arn": "arn:aws:ec2:us-east-2:840021737375:subnet/subnet-0bac4f85ed87eb378",
            "assign_ipv6_address_on_creation": false,
            "availability_zone": "us-east-2a",
            "availability_zone_id": "use2-az1",
            "cidr_block": "10.1.1.0/24",
            "customer_owned_ipv4_pool": "",
            "enable_dns64": false,
            "enable_resource_name_dns_a_record_on_launch": false,
            "enable_resource_name_dns_aaaa_record_on_launch": false,
            "id": "subnet-0bac4f85ed87eb378",
            "ipv6_cidr_block": "",
            "ipv6_cidr_block_association_id": "",
            "ipv6_native": false,
            "map_customer_owned_ip_on_launch": false,
            "map_public_ip_on_launch": false,
            "outpost_arn": "",
            "owner_id": "840021737375",
            "private_dns_hostname_type_on_launch": "ip-name",
            "tags": {
              "Name": "name_public_subntet_ec2"
            },
            "tags_all": {
              "Name": "name_public_subntet_ec2"
            },
            "timeouts": null,
            "vpc_id": "vpc-04dcb067640526997"
          },
          "sensitive_attributes": [],
          "private": "eyJlMmJmYjczMC1lY2FhLTExZTYtOGY4OC0zNDM2M2JjN2M0YzAiOnsiY3JlYXRlIjo2MDAwMDAwMDAwMDAsImRlbGV0ZSI6MTIwMDAwMDAwMDAwMH0sInNjaGVtYV92ZXJzaW9uIjoiMSJ9",
          "dependencies": [
            "aws_vpc.main_vpc"
          ]
        }
      ]
    },
    {
      "mode": "managed",
      "type": "aws_vpc",
      "name": "main_vpc",
      "provider": "provider[\"registry.terraform.io/hashicorp/aws\"]",
      "instances": [
        {
          "schema_version": 1,
          "attributes": {
            "arn": "arn:aws:ec2:us-east-2:840021737375:vpc/vpc-04dcb067640526997",
            "assign_generated_ipv6_cidr_block": false,
            "cidr_block": "10.1.0.0/16",
            "default_network_acl_id": "acl-0cb86faf8dd1544c8",
            "default_route_table_id": "rtb-0bf0e53f38b3c0f80",
            "default_security_group_id": "sg-007a13ab7b69d6fa1",
            "dhcp_options_id": "dopt-0fca957340b438b6a",
            "enable_classiclink": false,
            "enable_classiclink_dns_support": false,
            "enable_dns_hostnames": false,
            "enable_dns_support": true,
            "id": "vpc-04dcb067640526997",
            "instance_tenancy": "default",
            "ipv4_ipam_pool_id": null,
            "ipv4_netmask_length": null,
            "ipv6_association_id": "",
            "ipv6_cidr_block": "",
            "ipv6_cidr_block_network_border_group": "",
            "ipv6_ipam_pool_id": "",
            "ipv6_netmask_length": 0,
            "main_route_table_id": "rtb-0bf0e53f38b3c0f80",
            "owner_id": "840021737375",
            "tags": {},
            "tags_all": {}
          },
          "sensitive_attributes": [],
          "private": "eyJzY2hlbWFfdmVyc2lvbiI6IjEifQ=="
        }
      ]
    },
    {
      "mode": "managed",
      "type": "local_file",
      "name": "myKey",
      "provider": "provider[\"registry.terraform.io/hashicorp/local\"]",
      "instances": [
        {
          "schema_version": 0,
          "attributes": {
            "content": "-----BEGIN RSA PRIVATE KEY-----\nMIIEowIBAAKCAQEAzPMovf2ExLLcPbIiy2J/arV9s+7CPYSmXrVeXGAKII2m/p2+\nGVds91J39t4HsQS1ZFvCM81nH8v4Hgqxfg1myf+WrVHIN8eYnGwlP7PdAOYQ7qoK\ni5xreV7s0eAu4iGmgOC7lqbYl6f2x/cGZfMqFsIBnL+2LIz65nu7GQuAfPzQyiyd\nbIGd+ua8s0yBvCXFusWyS3gpA0v7p+MERjY7bcYDxcd2CuhkdYOZtQ7C3jZ0LP6H\n6mDrbYo4UBmDKatZN++pTu2H0SxCDTbnpG86vJ4TAhCVBeDaW0LM82jYw4glQkG6\n4i+HRwHbS+qsl6Hr26uG09LEuxjwHMyopviPnQIDAQABAoIBADJOBNQNZAc7t59V\nGAE/3fJ9NatykS60XnmkntKhqBqxainY4g4qTU6vaU6o1M54T2WguBwq8IL3d6E4\nErTT6UTvfTZxemlmjmjmioYGSdqsnb9W8VuvOxoBWLNzCU7r34iGoMSrk0I2MfaH\nBYUEmHIZkHe+/qIUwIjOGfBdyF3k55AaDH0zk9vl0OXiE6ILU+yh6Y86iFset2lR\npX5p1kn6O6s95afDPhPJ3NrKwAWI2kclolcK1FlZUdo8J7uOfXgkaqp5YKGzwmi4\nt4q7xNmPtR5xnKIVwAB6RaZs+j6XMNDJx1Dp3A/xNWvr7twmalVPBqB2ovAkpyfQ\nRjJ6MKkCgYEA5lnTxjc7kxwvACW9Gwk10Zb6LJvX0+xgrDYVMe1NaxSfdU1ZtT8E\nWBvFou/ypcNt0ye8Is/0xVmWe5izmuveBQFCl7jKSzz0+VWT+aCESqZQnawn89v2\nt0FOeMSLALG+jJOc5O3+i6Y/h7EgYdIduv81Yj9X81n0roXQ9m27gQ8CgYEA48VF\n1FLXc7DjpdT3/6q1zYAJrlhhu0QRPfAl4R1ujDzAO2/nzYBpAAxVxxRvDAIJ6b/n\n0WgAtDkaCkI8VtHVtyjdNoaSlqM7pJFkWZLvn5ITjPtoT15EXueAT3YW9107I747\nCOalNOQvMQ1idCXXm1VTe3MB6MsK/sYA6nwzTJMCgYAKCANm8GTRxTpuwTX5BW+o\njvCaHLdLbVHQbhKCOBlU/nLrQtETSYlA5QS4Uca5XUddGK/ivDemmH4rJ706k+b5\nRNLHlK6KlD7+1LE6/7iDH7cHBsY+omeeF2P5cmWzRApOSOdeONcK8dR2bkpAuEu/\nJvoGK0gDOvmi2AT/lkvCFQKBgQCp+GrVuURCdzxKYhT3W2L0CZov2pCD+JWNTQpX\nZWk7iZJCSI4I0syIVqwkNeFwao0PPEA4Co6L7xi5kxgICeqcFgiOSfpWI1W8xyrF\nlVrwD0g7qtj6cXRABi3AHnWg/pfFYo4XZFbgk2+MAVr5JcwxhIkZ1IcWO37nBMdm\nNGzrtQKBgEszSDqxjmgIEfdrSD28k098w02s3Hw6L5B8Jt7lOeuED8+bWTfSnzlj\n1Gw0Qw8GYGzBF392iuLDGugZeRgdy7X669YdF0v/WjV3oE8K3oZUkqr6EaIcCyV9\nnOSnn/SRufUdFxl+qVvb+kNK4BYuAvAn/SdvuBee397tJNgLTvkH\n-----END RSA PRIVATE KEY-----\n",
            "content_base64": null,
            "directory_permission": "0777",
            "file_permission": "0777",
            "filename": "my_key.pem",
            "id": "c7ac238705de26d52ec02b3f8389790ac1132ddb",
            "sensitive_content": null,
            "source": null
          },
          "sensitive_attributes": [
            [
              {
                "type": "get_attr",
                "value": "content"
              }
            ]
          ],
          "private": "bnVsbA==",
          "dependencies": [
            "tls_private_key.wkp"
          ]
        }
      ]
    },
    {
      "mode": "managed",
      "type": "tls_private_key",
      "name": "wkp",
      "provider": "provider[\"registry.terraform.io/hashicorp/tls\"]",
      "instances": [
        {
          "schema_version": 1,
          "attributes": {
            "algorithm": "RSA",
            "ecdsa_curve": "P224",
            "id": "2bd1ec8b31a1ccc09c3d703242d8f9602bbb8874",
            "private_key_openssh": "-----BEGIN OPENSSH PRIVATE KEY-----\nb3BlbnNzaC1rZXktdjEAAAAABG5vbmUAAAAEbm9uZQAAAAAAAAABAAABFwAAAAdz\nc2gtcnNhAAAAAwEAAQAAAQEAzPMovf2ExLLcPbIiy2J/arV9s+7CPYSmXrVeXGAK\nII2m/p2+GVds91J39t4HsQS1ZFvCM81nH8v4Hgqxfg1myf+WrVHIN8eYnGwlP7Pd\nAOYQ7qoKi5xreV7s0eAu4iGmgOC7lqbYl6f2x/cGZfMqFsIBnL+2LIz65nu7GQuA\nfPzQyiydbIGd+ua8s0yBvCXFusWyS3gpA0v7p+MERjY7bcYDxcd2CuhkdYOZtQ7C\n3jZ0LP6H6mDrbYo4UBmDKatZN++pTu2H0SxCDTbnpG86vJ4TAhCVBeDaW0LM82jY\nw4glQkG64i+HRwHbS+qsl6Hr26uG09LEuxjwHMyopviPnQAAA7gr2AvxK9gL8QAA\nAAdzc2gtcnNhAAABAQDM8yi9/YTEstw9siLLYn9qtX2z7sI9hKZetV5cYAogjab+\nnb4ZV2z3Unf23gexBLVkW8IzzWcfy/geCrF+DWbJ/5atUcg3x5icbCU/s90A5hDu\nqgqLnGt5XuzR4C7iIaaA4LuWptiXp/bH9wZl8yoWwgGcv7YsjPrme7sZC4B8/NDK\nLJ1sgZ365ryzTIG8JcW6xbJLeCkDS/un4wRGNjttxgPFx3YK6GR1g5m1DsLeNnQs\n/ofqYOttijhQGYMpq1k376lO7YfRLEINNuekbzq8nhMCEJUF4NpbQszzaNjDiCVC\nQbriL4dHAdtL6qyXoevbq4bT0sS7GPAczKim+I+dAAAAAwEAAQAAAQAyTgTUDWQH\nO7efVRgBP93yfTWrcpEutF55pJ7SoagasWop2OIOKk1Or2lOqNTOeE9loLgcKvCC\n93ehOBK00+lE7302cXppZo5o5oqGBknarJ2/VvFbrzsaAVizcwlO69+IhqDEq5NC\nNjH2hwWFBJhyGZB3vv6iFMCIzhnwXchd5OeQGgx9M5Pb5dDl4hOiC1PsoemPOohb\nHrdpUaV+adZJ+jurPeWnwz4TydzaysAFiNpHJaJXCtRZWVHaPCe7jn14JGqqeWCh\ns8JouLeKu8TZj7UecZyiFcAAekWmbPo+lzDQycdQ6dwP8TVr6+7cJmpVTwagdqLw\nJKcn0EYyejCpAAAAgEszSDqxjmgIEfdrSD28k098w02s3Hw6L5B8Jt7lOeuED8+b\nWTfSnzlj1Gw0Qw8GYGzBF392iuLDGugZeRgdy7X669YdF0v/WjV3oE8K3oZUkqr6\nEaIcCyV9nOSnn/SRufUdFxl+qVvb+kNK4BYuAvAn/SdvuBee397tJNgLTvkHAAAA\ngQDmWdPGNzuTHC8AJb0bCTXRlvosm9fT7GCsNhUx7U1rFJ91TVm1PwRYG8Wi7/Kl\nw23TJ7wiz/TFWZZ7mLOa694FAUKXuMpLPPT5VZP5oIRKplCdrCfz2/a3QU54xIsA\nsb6Mk5zk7f6Lpj+HsSBh0h26/zViP1fzWfSuhdD2bbuBDwAAAIEA48VF1FLXc7Dj\npdT3/6q1zYAJrlhhu0QRPfAl4R1ujDzAO2/nzYBpAAxVxxRvDAIJ6b/n0WgAtDka\nCkI8VtHVtyjdNoaSlqM7pJFkWZLvn5ITjPtoT15EXueAT3YW9107I747COalNOQv\nMQ1idCXXm1VTe3MB6MsK/sYA6nwzTJMAAAAAAQID\n-----END OPENSSH PRIVATE KEY-----\n",
            "private_key_pem": "-----BEGIN RSA PRIVATE KEY-----\nMIIEowIBAAKCAQEAzPMovf2ExLLcPbIiy2J/arV9s+7CPYSmXrVeXGAKII2m/p2+\nGVds91J39t4HsQS1ZFvCM81nH8v4Hgqxfg1myf+WrVHIN8eYnGwlP7PdAOYQ7qoK\ni5xreV7s0eAu4iGmgOC7lqbYl6f2x/cGZfMqFsIBnL+2LIz65nu7GQuAfPzQyiyd\nbIGd+ua8s0yBvCXFusWyS3gpA0v7p+MERjY7bcYDxcd2CuhkdYOZtQ7C3jZ0LP6H\n6mDrbYo4UBmDKatZN++pTu2H0SxCDTbnpG86vJ4TAhCVBeDaW0LM82jYw4glQkG6\n4i+HRwHbS+qsl6Hr26uG09LEuxjwHMyopviPnQIDAQABAoIBADJOBNQNZAc7t59V\nGAE/3fJ9NatykS60XnmkntKhqBqxainY4g4qTU6vaU6o1M54T2WguBwq8IL3d6E4\nErTT6UTvfTZxemlmjmjmioYGSdqsnb9W8VuvOxoBWLNzCU7r34iGoMSrk0I2MfaH\nBYUEmHIZkHe+/qIUwIjOGfBdyF3k55AaDH0zk9vl0OXiE6ILU+yh6Y86iFset2lR\npX5p1kn6O6s95afDPhPJ3NrKwAWI2kclolcK1FlZUdo8J7uOfXgkaqp5YKGzwmi4\nt4q7xNmPtR5xnKIVwAB6RaZs+j6XMNDJx1Dp3A/xNWvr7twmalVPBqB2ovAkpyfQ\nRjJ6MKkCgYEA5lnTxjc7kxwvACW9Gwk10Zb6LJvX0+xgrDYVMe1NaxSfdU1ZtT8E\nWBvFou/ypcNt0ye8Is/0xVmWe5izmuveBQFCl7jKSzz0+VWT+aCESqZQnawn89v2\nt0FOeMSLALG+jJOc5O3+i6Y/h7EgYdIduv81Yj9X81n0roXQ9m27gQ8CgYEA48VF\n1FLXc7DjpdT3/6q1zYAJrlhhu0QRPfAl4R1ujDzAO2/nzYBpAAxVxxRvDAIJ6b/n\n0WgAtDkaCkI8VtHVtyjdNoaSlqM7pJFkWZLvn5ITjPtoT15EXueAT3YW9107I747\nCOalNOQvMQ1idCXXm1VTe3MB6MsK/sYA6nwzTJMCgYAKCANm8GTRxTpuwTX5BW+o\njvCaHLdLbVHQbhKCOBlU/nLrQtETSYlA5QS4Uca5XUddGK/ivDemmH4rJ706k+b5\nRNLHlK6KlD7+1LE6/7iDH7cHBsY+omeeF2P5cmWzRApOSOdeONcK8dR2bkpAuEu/\nJvoGK0gDOvmi2AT/lkvCFQKBgQCp+GrVuURCdzxKYhT3W2L0CZov2pCD+JWNTQpX\nZWk7iZJCSI4I0syIVqwkNeFwao0PPEA4Co6L7xi5kxgICeqcFgiOSfpWI1W8xyrF\nlVrwD0g7qtj6cXRABi3AHnWg/pfFYo4XZFbgk2+MAVr5JcwxhIkZ1IcWO37nBMdm\nNGzrtQKBgEszSDqxjmgIEfdrSD28k098w02s3Hw6L5B8Jt7lOeuED8+bWTfSnzlj\n1Gw0Qw8GYGzBF392iuLDGugZeRgdy7X669YdF0v/WjV3oE8K3oZUkqr6EaIcCyV9\nnOSnn/SRufUdFxl+qVvb+kNK4BYuAvAn/SdvuBee397tJNgLTvkH\n-----END RSA PRIVATE KEY-----\n",
            "private_key_pem_pkcs8": "-----BEGIN PRIVATE KEY-----\nMIIEvQIBADANBgkqhkiG9w0BAQEFAASCBKcwggSjAgEAAoIBAQDM8yi9/YTEstw9\nsiLLYn9qtX2z7sI9hKZetV5cYAogjab+nb4ZV2z3Unf23gexBLVkW8IzzWcfy/ge\nCrF+DWbJ/5atUcg3x5icbCU/s90A5hDuqgqLnGt5XuzR4C7iIaaA4LuWptiXp/bH\n9wZl8yoWwgGcv7YsjPrme7sZC4B8/NDKLJ1sgZ365ryzTIG8JcW6xbJLeCkDS/un\n4wRGNjttxgPFx3YK6GR1g5m1DsLeNnQs/ofqYOttijhQGYMpq1k376lO7YfRLEIN\nNuekbzq8nhMCEJUF4NpbQszzaNjDiCVCQbriL4dHAdtL6qyXoevbq4bT0sS7GPAc\nzKim+I+dAgMBAAECggEAMk4E1A1kBzu3n1UYAT/d8n01q3KRLrReeaSe0qGoGrFq\nKdjiDipNTq9pTqjUznhPZaC4HCrwgvd3oTgStNPpRO99NnF6aWaOaOaKhgZJ2qyd\nv1bxW687GgFYs3MJTuvfiIagxKuTQjYx9ocFhQSYchmQd77+ohTAiM4Z8F3IXeTn\nkBoMfTOT2+XQ5eITogtT7KHpjzqIWx63aVGlfmnWSfo7qz3lp8M+E8nc2srABYja\nRyWiVwrUWVlR2jwnu459eCRqqnlgobPCaLi3irvE2Y+1HnGcohXAAHpFpmz6Ppcw\n0MnHUOncD/E1a+vu3CZqVU8GoHai8CSnJ9BGMnowqQKBgQDmWdPGNzuTHC8AJb0b\nCTXRlvosm9fT7GCsNhUx7U1rFJ91TVm1PwRYG8Wi7/Klw23TJ7wiz/TFWZZ7mLOa\n694FAUKXuMpLPPT5VZP5oIRKplCdrCfz2/a3QU54xIsAsb6Mk5zk7f6Lpj+HsSBh\n0h26/zViP1fzWfSuhdD2bbuBDwKBgQDjxUXUUtdzsOOl1Pf/qrXNgAmuWGG7RBE9\n8CXhHW6MPMA7b+fNgGkADFXHFG8MAgnpv+fRaAC0ORoKQjxW0dW3KN02hpKWozuk\nkWRZku+fkhOM+2hPXkRe54BPdhb3XTsjvjsI5qU05C8xDWJ0JdebVVN7cwHoywr+\nxgDqfDNMkwKBgAoIA2bwZNHFOm7BNfkFb6iO8Joct0ttUdBuEoI4GVT+cutC0RNJ\niUDlBLhRxrldR10Yr+K8N6aYfisnvTqT5vlE0seUroqUPv7UsTr/uIMftwcGxj6i\nZ54XY/lyZbNECk5I51441wrx1HZuSkC4S78m+gYrSAM6+aLYBP+WS8IVAoGBAKn4\natW5REJ3PEpiFPdbYvQJmi/akIP4lY1NCldlaTuJkkJIjgjSzIhWrCQ14XBqjQ88\nQDgKjovvGLmTGAgJ6pwWCI5J+lYjVbzHKsWVWvAPSDuq2PpxdEAGLcAedaD+l8Vi\njhdkVuCTb4wBWvklzDGEiRnUhxY7fucEx2Y0bOu1AoGASzNIOrGOaAgR92tIPbyT\nT3zDTazcfDovkHwm3uU564QPz5tZN9KfOWPUbDRDDwZgbMEXf3aK4sMa6Bl5GB3L\ntfrr1h0XS/9aNXegTwrehlSSqvoRohwLJX2c5Kef9JG59R0XGX6pW9v6Q0rgFi4C\n8Cf9J2+4F57f3u0k2AtO+Qc=\n-----END PRIVATE KEY-----\n",
            "public_key_fingerprint_md5": "1f:22:3e:e3:88:d1:e3:53:ca:e1:3e:11:5e:be:e9:c8",
            "public_key_fingerprint_sha256": "SHA256:39Z+ihw7PAfD6HZ5S97JY31wBVbMuHuPlAdnMM2q4tM",
            "public_key_openssh": "ssh-rsa AAAAB3NzaC1yc2EAAAADAQABAAABAQDM8yi9/YTEstw9siLLYn9qtX2z7sI9hKZetV5cYAogjab+nb4ZV2z3Unf23gexBLVkW8IzzWcfy/geCrF+DWbJ/5atUcg3x5icbCU/s90A5hDuqgqLnGt5XuzR4C7iIaaA4LuWptiXp/bH9wZl8yoWwgGcv7YsjPrme7sZC4B8/NDKLJ1sgZ365ryzTIG8JcW6xbJLeCkDS/un4wRGNjttxgPFx3YK6GR1g5m1DsLeNnQs/ofqYOttijhQGYMpq1k376lO7YfRLEINNuekbzq8nhMCEJUF4NpbQszzaNjDiCVCQbriL4dHAdtL6qyXoevbq4bT0sS7GPAczKim+I+d\n",
            "public_key_pem": "-----BEGIN PUBLIC KEY-----\nMIIBIjANBgkqhkiG9w0BAQEFAAOCAQ8AMIIBCgKCAQEAzPMovf2ExLLcPbIiy2J/\narV9s+7CPYSmXrVeXGAKII2m/p2+GVds91J39t4HsQS1ZFvCM81nH8v4Hgqxfg1m\nyf+WrVHIN8eYnGwlP7PdAOYQ7qoKi5xreV7s0eAu4iGmgOC7lqbYl6f2x/cGZfMq\nFsIBnL+2LIz65nu7GQuAfPzQyiydbIGd+ua8s0yBvCXFusWyS3gpA0v7p+MERjY7\nbcYDxcd2CuhkdYOZtQ7C3jZ0LP6H6mDrbYo4UBmDKatZN++pTu2H0SxCDTbnpG86\nvJ4TAhCVBeDaW0LM82jYw4glQkG64i+HRwHbS+qsl6Hr26uG09LEuxjwHMyopviP\nnQIDAQAB\n-----END PUBLIC KEY-----\n",
            "rsa_bits": 2048
          },
          "sensitive_attributes": []
        }
      ]
    }
  ],
  "check_results": []
}
